# THIS IS AN AUTOGENERATED FILE. DO NOT EDIT THIS FILE DIRECTLY.
# yarn lockfile v1


"@babel/runtime@^7.1.2":
  version "7.2.0"
  resolved "https://registry.yarnpkg.com/@babel/runtime/-/runtime-7.2.0.tgz#b03e42eeddf5898e00646e4c840fa07ba8dcad7f"
  integrity sha512-oouEibCbHMVdZSDlJBO6bZmID/zA/G/Qx3H1d3rSNPTD+L8UNKvCat7aKWSJ74zYbm5zWGh0GQN0hKj8zYFTCg==
  dependencies:
    regenerator-runtime "^0.12.0"

"@types/node@*":
  version "10.7.1"
  resolved "https://registry.yarnpkg.com/@types/node/-/node-10.7.1.tgz#b704d7c259aa40ee052eec678758a68d07132a2e"

"@types/prop-types@*":
  version "15.5.8"
  resolved "https://registry.yarnpkg.com/@types/prop-types/-/prop-types-15.5.8.tgz#8ae4e0ea205fe95c3901a5a1df7f66495e3a56ce"
  integrity sha512-3AQoUxQcQtLHsK25wtTWIoIpgYjH3vSDroZOUr7PpCHw/jLY1RB9z9E8dBT/OSmwStVgkRNvdh+ZHNiomRieaw==

"@types/react@*", "@types/react@16.7.17":
  version "16.7.17"
  resolved "https://registry.yarnpkg.com/@types/react/-/react-16.7.17.tgz#3242e796a1ffbba4f49eae5915a67f4c079504e9"
  integrity sha512-YcXcaoXaxo7A76mBCGlKlN2aZu3REQfF0DTrhiyXVJLA7PDdxVCr+wiQOrkVNn44D/zLlIyDSn3U918Ve0AaEA==
  dependencies:
    "@types/prop-types" "*"
    csstype "^2.2.0"

"@types/slate-react@^0.12.1":
  version "0.12.3"
  resolved "https://registry.yarnpkg.com/@types/slate-react/-/slate-react-0.12.3.tgz#6a5f0b2d85cbe2ad5602428df285601e32066486"
  integrity sha512-07SrDGKiS+hkTqMU2yKz+R3H+hw97ajciVf8C8IQbm0KCHX9pJi7jdiCAiRF+be8345DUMIIVg/tR/TXqHmYng==
  dependencies:
    "@types/react" "*"
    "@types/slate" "*"
    immutable "^3.8.2"

"@types/slate@*":
  version "0.43.5"
  resolved "https://registry.yarnpkg.com/@types/slate/-/slate-0.43.5.tgz#b9429841904046a66d13fa722333c91cc1bdfce8"
  integrity sha512-FPTMkt/W3ka2DAxfw49n0EiEiznGulDYj1EuIH3e6iHvlVpYMRaPIJfrciB0900gUMN2OHVQ/ESpCbJsaPzTpg==
  dependencies:
    "@types/react" "*"
    immutable "^3.8.2"

"@types/slate@^0.33.4":
  version "0.33.4"
  resolved "https://registry.yarnpkg.com/@types/slate/-/slate-0.33.4.tgz#593f8e7c3e48cd8e9490174fa60abf9da3d7ed74"
  integrity sha512-R6an1pZRvgFSRjUnFW67lL0A8DTCDgTVQPT+Xf5x1cOhpZ92KXJaIa7g7sOgLXvzNSGdTX+4xzrNcP9P0rD5PA==
  dependencies:
    immutable "^3.8.2"

asap@^2.0.6, asap@~2.0.3:
  version "2.0.6"
  resolved "https://registry.yarnpkg.com/asap/-/asap-2.0.6.tgz#e50347611d7e690943208bbdafebcbc2fb866d46"
  integrity sha1-5QNHYR1+aQlDIIu9r+vLwvuGbUY=

babel-runtime@^6.11.6, babel-runtime@^6.20.0:
  version "6.26.0"
  resolved "https://registry.yarnpkg.com/babel-runtime/-/babel-runtime-6.26.0.tgz#965c7058668e82b55d7bfe04ff2337bc8b5647fe"
  integrity sha1-llxwWGaOgrVde/4E/yM3vItWR/4=
  dependencies:
    core-js "^2.4.0"
    regenerator-runtime "^0.11.0"

bowser@^1.0.0:
  version "1.9.4"
  resolved "https://registry.yarnpkg.com/bowser/-/bowser-1.9.4.tgz#890c58a2813a9d3243704334fa81b96a5c150c9a"
  integrity sha512-9IdMmj2KjigRq6oWhmwv1W36pDuA4STQZ8q6YO9um+x07xgYNCD3Oou+WP/3L1HNz7iqythGet3/p4wvc8AAwQ==

chain-function@^1.0.0:
  version "1.0.1"
  resolved "https://registry.yarnpkg.com/chain-function/-/chain-function-1.0.1.tgz#c63045e5b4b663fb86f1c6e186adaf1de402a1cc"
  integrity sha512-SxltgMwL9uCko5/ZCLiyG2B7R9fY4pDZUw7hJ4MhirdjBLosoDqkWABi3XMucddHdLiFJMb7PD2MZifZriuMTg==

change-emitter@^0.1.2:
  version "0.1.6"
  resolved "https://registry.yarnpkg.com/change-emitter/-/change-emitter-0.1.6.tgz#e8b2fe3d7f1ab7d69a32199aff91ea6931409515"
  integrity sha1-6LL+PX8at9aaMhma/5HqaTFAlRU=

classnames@^2.2.5:
  version "2.2.6"
  resolved "https://registry.yarnpkg.com/classnames/-/classnames-2.2.6.tgz#43935bffdd291f326dad0a205309b38d00f650ce"
  integrity sha512-JR/iSQOSt+LQIWwrwEzJ9uk0xfN3mTVYMwt1Ir5mUcSN6pU+V4zQFFaJsclJbPuAUQH+yfWef6tm7l1quW3C8Q==

core-js@^1.0.0:
  version "1.2.7"
  resolved "https://registry.yarnpkg.com/core-js/-/core-js-1.2.7.tgz#652294c14651db28fa93bd2d5ff2983a4f08c636"
  integrity sha1-ZSKUwUZR2yj6k70tX/KYOk8IxjY=

core-js@^2.4.0:
  version "2.6.0"
  resolved "https://registry.yarnpkg.com/core-js/-/core-js-2.6.0.tgz#1e30793e9ee5782b307e37ffa22da0eacddd84d4"
  integrity sha512-kLRC6ncVpuEW/1kwrOXYX6KQASCVtrh1gQr/UiaVgFlf9WE5Vp+lNe5+h3LuMr5PAucWnnEXwH0nQHRH/gpGtw==

csstype@^2.2.0:
  version "2.5.8"
  resolved "https://registry.yarnpkg.com/csstype/-/csstype-2.5.8.tgz#4ce5aa16ea0d562ef9105fa3ae2676f199586a35"
  integrity sha512-r4DbsyNJ7slwBSKoGesxDubRWJ71ghG8W2+1HcsDlAo12KGca9dDLv0u98tfdFw7ldBdoA7XmCnI6Q8LpAJXaQ==

debug@^3.1.0:
  version "3.1.0"
  resolved "https://registry.yarnpkg.com/debug/-/debug-3.1.0.tgz#5bb5a0672628b64149566ba16819e61518c67261"
  dependencies:
    ms "2.0.0"

deep-equal@^1.0.1:
  version "1.0.1"
  resolved "https://registry.yarnpkg.com/deep-equal/-/deep-equal-1.0.1.tgz#f5d260292b660e084eff4cdbc9f08ad3247448b5"
  integrity sha1-9dJgKStmDghO/0zbyfCK0yR0SLU=

deep-rename-keys@^0.2.1:
  version "0.2.1"
  resolved "https://registry.yarnpkg.com/deep-rename-keys/-/deep-rename-keys-0.2.1.tgz#ede78537d7a66a2be61517e2af956d7f58a3f1d8"
  dependencies:
    kind-of "^3.0.2"
    rename-keys "^1.1.2"

device.js@^0.1.2:
  version "0.1.2"
  resolved "https://registry.yarnpkg.com/device.js/-/device.js-0.1.2.tgz#a6eae71495da5ab998e68e94087bb23b31f4af47"
  integrity sha1-purnFJXaWrmY5o6UCHuyOzH0r0c=

direction@^0.1.5:
  version "0.1.5"
  resolved "https://registry.yarnpkg.com/direction/-/direction-0.1.5.tgz#ce5d797f97e26f8be7beff53f7dc40e1c1a9ec4c"

disposables@^1.0.1:
  version "1.0.2"
  resolved "https://registry.yarnpkg.com/disposables/-/disposables-1.0.2.tgz#36c6a674475f55a2d6913567a601444e487b4b6e"
  integrity sha1-NsamdEdfVaLWkTVnpgFETkh7S24=

dnd-core@^2.0.2, dnd-core@^2.6.0:
  version "2.6.0"
  resolved "https://registry.yarnpkg.com/dnd-core/-/dnd-core-2.6.0.tgz#12bad66d58742c6e5f7cf2943fb6859440f809c4"
  integrity sha1-ErrWbVh0LG5ffPKUP7aFlED4CcQ=
  dependencies:
    asap "^2.0.6"
    invariant "^2.0.0"
    lodash "^4.2.0"
    redux "^3.7.1"

dom-helpers@^3.2.0:
  version "3.4.0"
  resolved "https://registry.yarnpkg.com/dom-helpers/-/dom-helpers-3.4.0.tgz#e9b369700f959f62ecde5a6babde4bccd9169af8"
  integrity sha512-LnuPJ+dwqKDIyotW1VzmOZ5TONUN7CwkCR5hrgawTUbkBGYdeoNLZo6nNfGkCrjtE1nXXaj7iMMpDa8/d9WoIA==
  dependencies:
    "@babel/runtime" "^7.1.2"

element-resize-event@^2.0.4:
  version "2.0.9"
  resolved "https://registry.yarnpkg.com/element-resize-event/-/element-resize-event-2.0.9.tgz#2f5e1581a296eb5275210c141bc56342e218f876"
  integrity sha1-L14VgaKW61J1IQwUG8VjQuIY+HY=

encoding@^0.1.11:
  version "0.1.12"
  resolved "https://registry.yarnpkg.com/encoding/-/encoding-0.1.12.tgz#538b66f3ee62cd1ab51ec323829d1f9480c74beb"
  integrity sha1-U4tm8+5izRq1HsMjgp0flIDHS+s=
  dependencies:
    iconv-lite "~0.4.13"

esrever@^0.2.0:
  version "0.2.0"
  resolved "https://registry.yarnpkg.com/esrever/-/esrever-0.2.0.tgz#96e9d28f4f1b1a76784cd5d490eaae010e7407b8"

fbjs@^0.8.1, fbjs@^0.8.4:
  version "0.8.17"
  resolved "https://registry.yarnpkg.com/fbjs/-/fbjs-0.8.17.tgz#c4d598ead6949112653d6588b01a5cdcd9f90fdd"
  integrity sha1-xNWY6taUkRJlPWWIsBpc3Nn5D90=
  dependencies:
    core-js "^1.0.0"
    isomorphic-fetch "^2.1.1"
    loose-envify "^1.0.0"
    object-assign "^4.1.0"
    promise "^7.1.1"
    setimmediate "^1.0.5"
    ua-parser-js "^0.7.18"

get-document@1:
  version "1.0.0"
  resolved "https://registry.yarnpkg.com/get-document/-/get-document-1.0.0.tgz#4821bce66f1c24cb0331602be6cb6b12c4f01c4b"

get-window@^1.1.1:
  version "1.1.2"
  resolved "https://registry.yarnpkg.com/get-window/-/get-window-1.1.2.tgz#65fbaa999fb87f86ea5d30770f4097707044f47f"
  dependencies:
    get-document "1"

hoist-non-react-statics@^1.0.0:
  version "1.2.0"
  resolved "https://registry.yarnpkg.com/hoist-non-react-statics/-/hoist-non-react-statics-1.2.0.tgz#aa448cf0986d55cc40773b17174b7dd066cb7cfb"
  integrity sha1-qkSM8JhtVcxAdzsXF0t90GbLfPs=

hoist-non-react-statics@^2.1.0:
  version "2.5.5"
  resolved "https://registry.yarnpkg.com/hoist-non-react-statics/-/hoist-non-react-statics-2.5.5.tgz#c5903cf409c0dfd908f388e619d86b9c1174cb47"
  integrity sha512-rqcy4pJo55FTTLWt+bU8ukscqHeE/e9KWvsOW2b/a3afxQZhwkQdT1rPPCJ0rYXdj4vNcasY8zHTH+jF/qStxw==

hoist-non-react-statics@^3.1.0:
  version "3.2.1"
  resolved "https://registry.yarnpkg.com/hoist-non-react-statics/-/hoist-non-react-statics-3.2.1.tgz#c09c0555c84b38a7ede6912b61efddafd6e75e1e"
  integrity sha512-TFsu3TV3YLY+zFTZDrN8L2DTFanObwmBLpWvJs1qfUuEQ5bTAdFcwfx2T/bsCXfM9QHSLvjfP+nihEl0yvozxw==
  dependencies:
    react-is "^16.3.2"

hyphenate-style-name@^1.0.1:
  version "1.0.2"
  resolved "https://registry.yarnpkg.com/hyphenate-style-name/-/hyphenate-style-name-1.0.2.tgz#31160a36930adaf1fc04c6074f7eb41465d4ec4b"
  integrity sha1-MRYKNpMK2vH8BMYHT360FGXU7Es=

iconv-lite@~0.4.13:
  version "0.4.24"
  resolved "https://registry.yarnpkg.com/iconv-lite/-/iconv-lite-0.4.24.tgz#2022b4b25fbddc21d2f524974a474aafe733908b"
  integrity sha512-v3MXnZAcvnywkTUEZomIActle7RXXeedOR31wwl7VlyoXO4Qi9arvSenNQWne1TcRwhCL1HwLI21bEqdpj8/rA==
  dependencies:
    safer-buffer ">= 2.1.2 < 3"

immutable@3.8.2, immutable@^3.8.2:
  version "3.8.2"
  resolved "https://registry.yarnpkg.com/immutable/-/immutable-3.8.2.tgz#c2439951455bb39913daf281376f1530e104adf3"

inline-style-prefixer@^2.0.1:
  version "2.0.5"
  resolved "https://registry.yarnpkg.com/inline-style-prefixer/-/inline-style-prefixer-2.0.5.tgz#c153c7e88fd84fef5c602e95a8168b2770671fe7"
  integrity sha1-wVPH6I/YT+9cYC6VqBaLJ3BnH+c=
  dependencies:
    bowser "^1.0.0"
    hyphenate-style-name "^1.0.1"

invariant@^2.0.0, invariant@^2.1.0, invariant@^2.2.4:
  version "2.2.4"
  resolved "https://registry.yarnpkg.com/invariant/-/invariant-2.2.4.tgz#610f3c92c9359ce1db616e538008d23ff35158e6"
  integrity sha512-phJfQVBuaJM5raOpJjSfkiD6BpbCE4Ns//LaXl6wGYtUBY83nWS6Rf9tXm2e8VaK60JEjYldbPif/A2B1C2gNA==
  dependencies:
    loose-envify "^1.0.0"

is-buffer@^1.1.5:
  version "1.1.6"
  resolved "https://registry.yarnpkg.com/is-buffer/-/is-buffer-1.1.6.tgz#efaa2ea9daa0d7ab2ea13a97b2b8ad51fefbe8be"

is-empty@^1.0.0:
  version "1.2.0"
  resolved "https://registry.yarnpkg.com/is-empty/-/is-empty-1.2.0.tgz#de9bb5b278738a05a0b09a57e1fb4d4a341a9f6b"

is-hotkey@^0.1.3:
  version "0.1.3"
  resolved "https://registry.yarnpkg.com/is-hotkey/-/is-hotkey-0.1.3.tgz#8a129eec16f3941bd4f37191e02b9c3e91950549"

is-in-browser@^1.1.3:
  version "1.1.3"
  resolved "https://registry.yarnpkg.com/is-in-browser/-/is-in-browser-1.1.3.tgz#56ff4db683a078c6082eb95dad7dc62e1d04f835"

is-plain-object@^2.0.4:
  version "2.0.4"
  resolved "https://registry.yarnpkg.com/is-plain-object/-/is-plain-object-2.0.4.tgz#2c163b3fafb1b606d9d17928f05c2a1c38e07677"
  dependencies:
    isobject "^3.0.1"

is-stream@^1.0.1:
  version "1.1.0"
  resolved "https://registry.yarnpkg.com/is-stream/-/is-stream-1.1.0.tgz#12d4a3dd4e68e0b79ceb8dbc84173ae80d91ca44"
  integrity sha1-EtSj3U5o4Lec6428hBc66A2RykQ=

is-window@^1.0.2:
  version "1.0.2"
  resolved "https://registry.yarnpkg.com/is-window/-/is-window-1.0.2.tgz#2c896ca53db97de45d3c33133a65d8c9f563480d"

isobject@^3.0.1:
  version "3.0.1"
  resolved "https://registry.yarnpkg.com/isobject/-/isobject-3.0.1.tgz#4e431e92b11a9731636aa1f9c8d1ccbcfdab78df"

isomorphic-base64@^1.0.2:
  version "1.0.2"
  resolved "https://registry.yarnpkg.com/isomorphic-base64/-/isomorphic-base64-1.0.2.tgz#f426aae82569ba8a4ec5ca73ad21a44ab1ee7803"

isomorphic-fetch@^2.1.1:
  version "2.2.1"
  resolved "https://registry.yarnpkg.com/isomorphic-fetch/-/isomorphic-fetch-2.2.1.tgz#611ae1acf14f5e81f729507472819fe9733558a9"
  integrity sha1-YRrhrPFPXoH3KVB0coGf6XM1WKk=
  dependencies:
    node-fetch "^1.0.1"
    whatwg-fetch ">=0.10.0"

"js-tokens@^3.0.0 || ^4.0.0":
  version "4.0.0"
  resolved "https://registry.yarnpkg.com/js-tokens/-/js-tokens-4.0.0.tgz#19203fb59991df98e3a287050d4647cdeaf32499"

keycode@^2.1.1, keycode@^2.1.2:
  version "2.2.0"
  resolved "https://registry.yarnpkg.com/keycode/-/keycode-2.2.0.tgz#3d0af56dc7b8b8e5cba8d0a97f107204eec22b04"
  integrity sha1-PQr1bce4uOXLqNCpfxByBO7CKwQ=

kind-of@^3.0.2:
  version "3.2.2"
  resolved "https://registry.yarnpkg.com/kind-of/-/kind-of-3.2.2.tgz#31ea21a734bab9bbb0f32466d893aea51e4a3c64"
  dependencies:
    is-buffer "^1.1.5"

lodash-es@^4.2.1:
  version "4.17.10"
  resolved "https://registry.yarnpkg.com/lodash-es/-/lodash-es-4.17.10.tgz#62cd7104cdf5dd87f235a837f0ede0e8e5117e05"

lodash.debounce@^4.0.8:
  version "4.0.8"
  resolved "https://registry.yarnpkg.com/lodash.debounce/-/lodash.debounce-4.0.8.tgz#82d79bff30a67c4005ffd5e2515300ad9ca4d7af"
  integrity sha1-gteb/zCmfEAF/9XiUVMArZyk168=

lodash.merge@^4.6.0:
  version "4.6.1"
  resolved "https://registry.yarnpkg.com/lodash.merge/-/lodash.merge-4.6.1.tgz#adc25d9cb99b9391c59624f379fbba60d7111d54"
  integrity sha512-AOYza4+Hf5z1/0Hztxpm2/xiPZgi/cjMqdnKTUWTBSKchJlxXXuUSxCCl8rJlf4g6yww/j6mA8nC8Hw/EZWxKQ==

lodash.throttle@^4.1.1:
  version "4.1.1"
  resolved "https://registry.yarnpkg.com/lodash.throttle/-/lodash.throttle-4.1.1.tgz#c23e91b710242ac70c37f1e1cda9274cc39bf2f4"
  integrity sha1-wj6RtxAkKscMN/HhzaknTMOb8vQ=

lodash@^4.1.1, lodash@^4.17.4, lodash@^4.2.1:
  version "4.17.10"
  resolved "https://registry.yarnpkg.com/lodash/-/lodash-4.17.10.tgz#1b7793cf7259ea38fb3661d4d38b3260af8ae4e7"

lodash@^4.13.1, lodash@^4.2.0:
  version "4.17.11"
  resolved "https://registry.yarnpkg.com/lodash/-/lodash-4.17.11.tgz#b39ea6229ef607ecd89e2c8df12536891cac9b8d"
  integrity sha512-cQKh8igo5QUhZ7lg38DYWAxMvjSAKG0A8wGSVimP07SIUEK2UO+arSRKbRZWtelMtN5V0Hkwh5ryOto/SshYIg==

loose-envify@^1.0.0, loose-envify@^1.1.0, loose-envify@^1.3.1:
  version "1.4.0"
  resolved "https://registry.yarnpkg.com/loose-envify/-/loose-envify-1.4.0.tgz#71ee51fa7be4caec1a63839f7e682d8132d30caf"
  dependencies:
    js-tokens "^3.0.0 || ^4.0.0"

material-ui@^0.16.6:
  version "0.16.7"
  resolved "https://registry.yarnpkg.com/material-ui/-/material-ui-0.16.7.tgz#5ec5080d5f227817092c449105df9cbc8807941c"
  integrity sha1-XsUIDV8ieBcJLESRBd+cvIgHlBw=
  dependencies:
    babel-runtime "^6.11.6"
    inline-style-prefixer "^2.0.1"
    keycode "^2.1.1"
    lodash.merge "^4.6.0"
    lodash.throttle "^4.1.1"
    react-addons-create-fragment "^15.0.0"
    react-addons-transition-group "^15.0.0"
    react-event-listener "^0.4.0"
    recompose "^0.21.0"
    simple-assign "^0.1.0"
    warning "^3.0.0"

memoize-one@^4.0.0:
  version "4.0.0"
  resolved "https://registry.yarnpkg.com/memoize-one/-/memoize-one-4.0.0.tgz#fc5e2f1427a216676a62ec652cf7398cfad123db"

mousetrap@^1.5.2, mousetrap@^1.6.0:
  version "1.6.2"
  resolved "https://registry.yarnpkg.com/mousetrap/-/mousetrap-1.6.2.tgz#caadd9cf886db0986fb2fee59a82f6bd37527587"
  integrity sha512-jDjhi7wlHwdO6q6DS7YRmSHcuI+RVxadBkLt3KHrhd3C2b+w5pKefg3oj5beTcHZyVFA9Aksf+yEE1y5jxUjVA==

ms@2.0.0:
  version "2.0.0"
  resolved "https://registry.yarnpkg.com/ms/-/ms-2.0.0.tgz#5608aeadfc00be6c2901df5f9861788de0d597c8"

node-fetch@^1.0.1:
  version "1.7.3"
  resolved "https://registry.yarnpkg.com/node-fetch/-/node-fetch-1.7.3.tgz#980f6f72d85211a5347c6b2bc18c5b84c3eb47ef"
  integrity sha512-NhZ4CsKx7cYm2vSrBAr2PvFOe6sWDf0UYLRqA6svUYg7+/TSfVAu49jYC4BvQ4Sms9SZgdqGBgroqfDhJdTyKQ==
  dependencies:
    encoding "^0.1.11"
    is-stream "^1.0.1"

object-assign@^4.1.0, object-assign@^4.1.1:
  version "4.1.1"
  resolved "https://registry.yarnpkg.com/object-assign/-/object-assign-4.1.1.tgz#2109adc7965887cfc05cbbd442cac8bfbb360863"

ory-editor-core@0.0.0:
  version "0.0.0"
  resolved "https://registry.yarnpkg.com/ory-editor-core/-/ory-editor-core-0.0.0.tgz#bf97418697b0460e93649ba7a34ea2cfa47aee09"
  integrity sha1-v5dBhpewRg6TZJuno06iz6R67gk=
  dependencies:
    classnames "^2.2.5"
    deep-equal "^1.0.1"
    dnd-core "^2.0.2"
    element-resize-event "^2.0.4"
    lodash.debounce "^4.0.8"
    lodash.throttle "^4.1.1"
    mousetrap "^1.6.0"
    ramda "^0.23.0"
    react-dimensions "^1.3.0"
    react-dnd "^2.1.4"
    react-dnd-html5-backend "^2.1.2"
    react-draggable "^2.2.3"
    react-hotkeys "^0.9.0"
    react-redux "^5.0.1"
    react-resizable "^1.4.5"
    redux "^3.6.0"
    redux-undo "1.0.0-beta9-5"
    reselect "^2.5.4"
    semver "^5.3.0"
    uuid "^3.0.1"

ory-editor-ui@0.0.0:
  version "0.0.0"
  resolved "https://registry.yarnpkg.com/ory-editor-ui/-/ory-editor-ui-0.0.0.tgz#56ea9f3e59d06f9dc71908917fd6d1b676343aaf"
  integrity sha1-VuqfPlnQb53HGQiRf9bRtnY0Oq8=
  dependencies:
    classnames "^2.2.5"
    device.js "^0.1.2"
    material-ui "^0.16.6"
    ory-editor-core "0.0.0"
    react-dnd "^2.1.4"
    react-redux "^5.0.2"
    reselect "^2.5.4"

parse5@^3.0.2:
  version "3.0.3"
  resolved "https://registry.yarnpkg.com/parse5/-/parse5-3.0.3.tgz#042f792ffdd36851551cf4e9e066b3874ab45b5c"
  dependencies:
    "@types/node" "*"

promise@^7.1.1:
  version "7.3.1"
  resolved "https://registry.yarnpkg.com/promise/-/promise-7.3.1.tgz#064b72602b18f90f29192b8b1bc418ffd1ebd3bf"
  integrity sha512-nolQXZ/4L+bP/UGlkfaIujX9BKxGwmQ9OT4mOt5yvy8iK1h3wqTEJCijzGANTCCl9nWjY41juyAn2K3Q1hLLTg==
  dependencies:
    asap "~2.0.3"

prop-types@15.x, prop-types@^15.5.10, prop-types@^15.5.4, prop-types@^15.5.6, prop-types@^15.5.8, prop-types@^15.6.0, prop-types@^15.6.1:
  version "15.6.2"
  resolved "https://registry.yarnpkg.com/prop-types/-/prop-types-15.6.2.tgz#05d5ca77b4453e985d60fc7ff8c859094a497102"
  integrity sha512-3pboPvLiWD7dkI3qf3KbUe6hKFKa52w+AE0VCqECtf+QHAKgOL37tTaNCnuX1nAAQ4ZhyP+kYVKf8rLmJ/feDQ==
  dependencies:
    loose-envify "^1.3.1"
    object-assign "^4.1.1"

ramda@^0.23.0:
  version "0.23.0"
  resolved "https://registry.yarnpkg.com/ramda/-/ramda-0.23.0.tgz#ccd13fff73497a93974e3e86327bfd87bd6e8e2b"
  integrity sha1-zNE//3NJepOXTj6GMnv9h71ujis=

ramda@^0.24.1:
  version "0.24.1"
  resolved "https://registry.yarnpkg.com/ramda/-/ramda-0.24.1.tgz#c3b7755197f35b8dc3502228262c4c91ddb6b857"

react-addons-create-fragment@^15.0.0:
  version "15.6.2"
  resolved "https://registry.yarnpkg.com/react-addons-create-fragment/-/react-addons-create-fragment-15.6.2.tgz#a394de7c2c7becd6b5475ba1b97ac472ce7c74f8"
  integrity sha1-o5TefCx77Na1R1uhuXrEcs58dPg=
  dependencies:
    fbjs "^0.8.4"
    loose-envify "^1.3.1"
    object-assign "^4.1.0"

react-addons-transition-group@^15.0.0:
  version "15.6.2"
  resolved "https://registry.yarnpkg.com/react-addons-transition-group/-/react-addons-transition-group-15.6.2.tgz#8baebc2ae91ccdbf245fe29c9fd3d36f8b471923"
  integrity sha1-i668Kukczb8kX+Kcn9PTb4tHGSM=
  dependencies:
    react-transition-group "^1.2.0"

react-dimensions@^1.3.0:
  version "1.3.1"
  resolved "https://registry.yarnpkg.com/react-dimensions/-/react-dimensions-1.3.1.tgz#89c29bcd48828a74faeb07da1e461e1a354ccc48"
  integrity sha512-go5vMuGUxaB5PiTSIk+ZfAxLbHwcIgIfLhkBZ2SIMQjaCgnpttxa30z5ijEzfDjeOCTGRpxvkzcmE4Vt4Ppvyw==
  dependencies:
    element-resize-event "^2.0.4"

react-dnd-html5-backend@^2.1.2:
  version "2.6.0"
  resolved "https://registry.yarnpkg.com/react-dnd-html5-backend/-/react-dnd-html5-backend-2.6.0.tgz#590cd1cca78441bb274edd571fef4c0b16ddcf8e"
  integrity sha1-WQzRzKeEQbsnTt1XH+9MCxbdz44=
  dependencies:
    lodash "^4.2.0"

react-dnd@^2.1.4:
  version "2.6.0"
  resolved "https://registry.yarnpkg.com/react-dnd/-/react-dnd-2.6.0.tgz#7fa25676cf827d58a891293e3c1ab59da002545a"
  integrity sha1-f6JWds+CfViokSk+PBq1naACVFo=
  dependencies:
    disposables "^1.0.1"
    dnd-core "^2.6.0"
    hoist-non-react-statics "^2.1.0"
    invariant "^2.1.0"
    lodash "^4.2.0"
    prop-types "^15.5.10"

react-draggable@^2.2.3:
  version "2.2.6"
  resolved "https://registry.yarnpkg.com/react-draggable/-/react-draggable-2.2.6.tgz#3a806e10f2da6babfea4136be6510e89b0d76901"
  integrity sha1-OoBuEPLaa6v+pBNr5lEOibDXaQE=
  dependencies:
    classnames "^2.2.5"

"react-draggable@^2.2.6 || ^3.0.3":
  version "3.0.5"
  resolved "https://registry.yarnpkg.com/react-draggable/-/react-draggable-3.0.5.tgz#c031e0ed4313531f9409d6cd84c8ebcec0ddfe2d"
  integrity sha512-qo76q6+pafyGllbmfc+CgWfOkwY9v3UoJa3jp6xG2vdsRY8uJTN1kqNievLj0uVNjEqCvZ0OFiEBxlAJNj3OTg==
  dependencies:
    classnames "^2.2.5"
    prop-types "^15.6.0"

react-event-listener@^0.4.0:
  version "0.4.5"
  resolved "https://registry.yarnpkg.com/react-event-listener/-/react-event-listener-0.4.5.tgz#e3e895a0970cf14ee8f890113af68197abf3d0b1"
  integrity sha1-4+iVoJcM8U7o+JAROvaBl6vz0LE=
  dependencies:
    babel-runtime "^6.20.0"
    fbjs "^0.8.4"
    prop-types "^15.5.4"
    warning "^3.0.0"

react-hotkeys@^0.9.0:
  version "0.9.0"
  resolved "https://registry.yarnpkg.com/react-hotkeys/-/react-hotkeys-0.9.0.tgz#7a47ba4337be8925a96a024e6d58d433096a3233"
  integrity sha1-eke6Qze+iSWpagJObVjUMwlqMjM=
  dependencies:
    lodash "^4.13.1"
    mousetrap "^1.5.2"

react-immutable-proptypes@^2.1.0:
  version "2.1.0"
  resolved "https://registry.yarnpkg.com/react-immutable-proptypes/-/react-immutable-proptypes-2.1.0.tgz#023d6f39bb15c97c071e9e60d00d136eac5fa0b4"

react-is@^16.3.2, react-is@^16.6.0:
  version "16.6.3"
  resolved "https://registry.yarnpkg.com/react-is/-/react-is-16.6.3.tgz#d2d7462fcfcbe6ec0da56ad69047e47e56e7eac0"
  integrity sha512-u7FDWtthB4rWibG/+mFbVd5FvdI20yde86qKGx4lVUTWmPlSWQ4QxbBIrrs+HnXGbxOUlUzTAP/VDmvCwaP2yA==

react-lifecycles-compat@^3.0.0:
  version "3.0.4"
  resolved "https://registry.yarnpkg.com/react-lifecycles-compat/-/react-lifecycles-compat-3.0.4.tgz#4f1a273afdfc8f3488a8c516bfda78f872352362"
  integrity sha512-fBASbA6LnOU9dOU2eW7aQ8xmYBSXUIWr+UmF9b1efZBazGNO+rcXT/icdKnYm2pTwcRylVUYwW7H1PHfLekVzA==

react-portal@4.1.5:
  version "4.1.5"
  resolved "https://registry.yarnpkg.com/react-portal/-/react-portal-4.1.5.tgz#6665d4d2a92d47d6f8b07a6529e26fc52d5cccde"
  dependencies:
    prop-types "^15.5.8"

react-portal@^3.1.0:
  version "3.2.0"
  resolved "https://registry.yarnpkg.com/react-portal/-/react-portal-3.2.0.tgz#4224e19b2b05d5cbe730a7ba0e34ec7585de0043"
  dependencies:
    prop-types "^15.5.8"

react-redux@^5.0.1, react-redux@^5.0.2:
  version "5.1.1"
  resolved "https://registry.yarnpkg.com/react-redux/-/react-redux-5.1.1.tgz#88e368682c7fa80e34e055cd7ac56f5936b0f52f"
  integrity sha512-LE7Ned+cv5qe7tMV5BPYkGQ5Lpg8gzgItK07c67yHvJ8t0iaD9kPFPAli/mYkiyJYrs2pJgExR2ZgsGqlrOApg==
  dependencies:
    "@babel/runtime" "^7.1.2"
    hoist-non-react-statics "^3.1.0"
    invariant "^2.2.4"
    loose-envify "^1.1.0"
    prop-types "^15.6.1"
    react-is "^16.6.0"
    react-lifecycles-compat "^3.0.0"

react-resizable@^1.4.5:
  version "1.7.5"
  resolved "https://registry.yarnpkg.com/react-resizable/-/react-resizable-1.7.5.tgz#83eb75bb3684da6989bbbf4f826e1470f0af902e"
  integrity sha512-lauPcBsLqmxMHXHpTeOBpYenGalbSikYr8hK+lwtNYMQX1pGd2iYE+pDvZEV97nCnzuCtWM9htp7OpsBIY2Sjw==
  dependencies:
    prop-types "15.x"
    react-draggable "^2.2.6 || ^3.0.3"

react-transition-group@^1.2.0:
  version "1.2.1"
  resolved "https://registry.yarnpkg.com/react-transition-group/-/react-transition-group-1.2.1.tgz#e11f72b257f921b213229a774df46612346c7ca6"
  integrity sha512-CWaL3laCmgAFdxdKbhhps+c0HRGF4c+hdM4H23+FI1QBNUyx/AMeIJGWorehPNSaKnQNOAxL7PQmqMu78CDj3Q==
  dependencies:
    chain-function "^1.0.0"
    dom-helpers "^3.2.0"
    loose-envify "^1.3.1"
    prop-types "^15.5.6"
    warning "^3.0.0"

recompose@^0.21.0:
  version "0.21.2"
  resolved "https://registry.yarnpkg.com/recompose/-/recompose-0.21.2.tgz#ff3fbdb2397b1c77c47d451be2a63b9295d44681"
  integrity sha1-/z+9sjl7HHfEfUUb4qY7kpXURoE=
  dependencies:
    change-emitter "^0.1.2"
    fbjs "^0.8.1"
    hoist-non-react-statics "^1.0.0"
    symbol-observable "^1.0.4"

redux-undo@1.0.0-beta9-5:
  version "1.0.0-beta9-5"
  resolved "https://registry.yarnpkg.com/redux-undo/-/redux-undo-1.0.0-beta9-5.tgz#6a7cf4dfb068bb8f7b692cf08fb3e143999959fb"
  integrity sha1-anz037Bou497aSzwj7PhQ5mZWfs=
  dependencies:
    redux "^3.5.2"

redux-undo@1.0.0-beta9-7:
  version "1.0.0-beta9-7"
  resolved "https://registry.yarnpkg.com/redux-undo/-/redux-undo-1.0.0-beta9-7.tgz#e3fcc8bc29d8c579f2c13f854287e5af0d8744ae"
  dependencies:
    redux "^3.5.2"

redux@^3.5.2, redux@^3.6.0, redux@^3.7.1:
  version "3.7.2"
  resolved "https://registry.yarnpkg.com/redux/-/redux-3.7.2.tgz#06b73123215901d25d065be342eb026bc1c8537b"
  integrity sha512-pNqnf9q1hI5HHZRBkj3bAngGZW/JMCmexDlOxw4XagXY2o1327nHH54LoTjiPJ0gizoqPDRqWyX/00g0hD6w+A==
  dependencies:
    lodash "^4.2.1"
    lodash-es "^4.2.1"
    loose-envify "^1.1.0"
    symbol-observable "^1.0.3"

regenerator-runtime@^0.11.0:
  version "0.11.1"
  resolved "https://registry.yarnpkg.com/regenerator-runtime/-/regenerator-runtime-0.11.1.tgz#be05ad7f9bf7d22e056f9726cee5017fbf19e2e9"
  integrity sha512-MguG95oij0fC3QV3URf4V2SDYGJhJnJGqvIIgdECeODCT98wSWDAJ94SSuVpYQUoTcGUIL6L4yNB7j1DFFHSBg==

regenerator-runtime@^0.12.0:
  version "0.12.1"
  resolved "https://registry.yarnpkg.com/regenerator-runtime/-/regenerator-runtime-0.12.1.tgz#fa1a71544764c036f8c49b13a08b2594c9f8a0de"
  integrity sha512-odxIc1/vDlo4iZcfXqRYFj0vpXFNoGdKMAUieAlFYO6m/nl5e9KR/beGf41z4a1FI+aQgtjhuaSlDxQ0hmkrHg==

rename-keys@^1.1.2:
  version "1.2.0"
  resolved "https://registry.yarnpkg.com/rename-keys/-/rename-keys-1.2.0.tgz#be602fb0b750476b513ebe85ba4465d03254f0a3"

reselect@^2.5.4:
  version "2.5.4"
  resolved "https://registry.yarnpkg.com/reselect/-/reselect-2.5.4.tgz#b7d23fdf00b83fa7ad0279546f8dbbbd765c7047"
  integrity sha1-t9I/3wC4P6etAnlUb427vXZccEc=

"safer-buffer@>= 2.1.2 < 3":
  version "2.1.2"
  resolved "https://registry.yarnpkg.com/safer-buffer/-/safer-buffer-2.1.2.tgz#44fa161b0187b9549dd84bb91802f9bd8385cd6a"
  integrity sha512-YZo3K82SD7Riyi0E1EQPojLz7kpepnSQI9IyPbHHg1XXXevb5dJI7tpyN2ADxGcQbHG7vcyRHk0cbwqcQriUtg==

selection-is-backward@^1.0.0:
  version "1.0.0"
  resolved "https://registry.yarnpkg.com/selection-is-backward/-/selection-is-backward-1.0.0.tgz#97a54633188a511aba6419fc5c1fa91b467e6be1"

selection-position@^1.0.0:
  version "1.0.0"
  resolved "https://registry.yarnpkg.com/selection-position/-/selection-position-1.0.0.tgz#e43f87151d94957efa170e10e02c901b47f703c7"

semver@^5.3.0:
  version "5.6.0"
  resolved "https://registry.yarnpkg.com/semver/-/semver-5.6.0.tgz#7e74256fbaa49c75aa7c7a205cc22799cac80004"
  integrity sha512-RS9R6R35NYgQn++fkDWaOmqGoj4Ek9gGs+DPxNUZKuwE183xjJroKvyo1IzVFeXvUrvmALy6FWD5xrdJT25gMg==

setimmediate@^1.0.5:
  version "1.0.5"
  resolved "https://registry.yarnpkg.com/setimmediate/-/setimmediate-1.0.5.tgz#290cbb232e306942d7d7ea9b83732ab7856f8285"
  integrity sha1-KQy7Iy4waULX1+qbg3Mqt4VvgoU=

simple-assign@^0.1.0:
  version "0.1.0"
  resolved "https://registry.yarnpkg.com/simple-assign/-/simple-assign-0.1.0.tgz#17fd3066a5f3d7738f50321bb0f14ca281cc4baa"
  integrity sha1-F/0wZqXz13OPUDIbsPFMooHMS6o=

slate-base64-serializer@^0.2.53:
  version "0.2.53"
  resolved "https://registry.yarnpkg.com/slate-base64-serializer/-/slate-base64-serializer-0.2.53.tgz#5b9448a3af1729776f4cff2e58e56f01c905014d"
  dependencies:
    isomorphic-base64 "^1.0.2"

slate-dev-environment@^0.2.0:
  version "0.2.0"
  resolved "https://registry.yarnpkg.com/slate-dev-environment/-/slate-dev-environment-0.2.0.tgz#c43f4a5e13cccc16ad4c3015c8ad182b6e5b5b3a"
  dependencies:
    is-in-browser "^1.1.3"

slate-dev-logger@^0.1.42, slate-dev-logger@^0.1.43:
  version "0.1.43"
  resolved "https://registry.yarnpkg.com/slate-dev-logger/-/slate-dev-logger-0.1.43.tgz#77f6ca7207fcbf453a5516f3aa8b19794d1d26dc"

slate-edit-blockquote@^0.6.1:
  version "0.6.1"
  resolved "https://registry.yarnpkg.com/slate-edit-blockquote/-/slate-edit-blockquote-0.6.1.tgz#ac145210f50b749ea06f547763b9a2f57187a550"

slate-edit-list@^0.12.0:
  version "0.12.1"
  resolved "https://registry.yarnpkg.com/slate-edit-list/-/slate-edit-list-0.12.1.tgz#11a83e4c91af858b37a516ef0b2a868910eb4903"

slate-hotkeys@^0.2.3:
  version "0.2.3"
  resolved "https://registry.yarnpkg.com/slate-hotkeys/-/slate-hotkeys-0.2.3.tgz#843a467421c643b4a1a3c240957c8adcfa99deb3"
  dependencies:
    is-hotkey "^0.1.3"
    slate-dev-environment "^0.2.0"

slate-html-serializer@0.6.21:
  version "0.6.21"
  resolved "https://registry.yarnpkg.com/slate-html-serializer/-/slate-html-serializer-0.6.21.tgz#869b1369a34b1364b5ad99a2240234d121d289cf"
  dependencies:
    slate-dev-logger "^0.1.42"
    type-of "^2.0.1"

slate-plain-serializer@^0.5.30, slate-plain-serializer@^0.5.34:
  version "0.5.34"
  resolved "https://registry.yarnpkg.com/slate-plain-serializer/-/slate-plain-serializer-0.5.34.tgz#93c7e59a283d0a2568e3cab8dd3f3a6740936940"
  dependencies:
    slate-dev-logger "^0.1.43"

slate-prop-types@^0.4.51:
  version "0.4.51"
  resolved "https://registry.yarnpkg.com/slate-prop-types/-/slate-prop-types-0.4.51.tgz#2b6f23ea41b37a50ab6049af2668d20f48c75da1"
  dependencies:
    slate-dev-logger "^0.1.43"

slate-react@^0.15.4:
  version "0.15.9"
  resolved "https://registry.yarnpkg.com/slate-react/-/slate-react-0.15.9.tgz#7a11746fbe5554e5cff020f1c430e266f0d995f5"
  dependencies:
    debug "^3.1.0"
    get-window "^1.1.1"
    is-window "^1.0.2"
    keycode "^2.1.2"
    lodash "^4.1.1"
    memoize-one "^4.0.0"
    prop-types "^15.5.8"
    react-immutable-proptypes "^2.1.0"
    react-portal "^3.1.0"
    selection-is-backward "^1.0.0"
    slate-base64-serializer "^0.2.53"
    slate-dev-environment "^0.2.0"
    slate-dev-logger "^0.1.43"
    slate-hotkeys "^0.2.3"
    slate-plain-serializer "^0.5.34"
    slate-prop-types "^0.4.51"

slate-schema-violations@^0.1.32:
  version "0.1.32"
  resolved "https://registry.yarnpkg.com/slate-schema-violations/-/slate-schema-violations-0.1.32.tgz#410d99165fcad3909e4e7c743a709141947cef32"

slate@^0.37.3:
  version "0.37.7"
  resolved "https://registry.yarnpkg.com/slate/-/slate-0.37.7.tgz#9623125164ada94d4f49ca2579682472697f5dde"
  dependencies:
    debug "^3.1.0"
    direction "^0.1.5"
    esrever "^0.2.0"
    is-empty "^1.0.0"
    is-plain-object "^2.0.4"
    lodash "^4.17.4"
    slate-dev-logger "^0.1.43"
    slate-schema-violations "^0.1.32"
    type-of "^2.0.1"

symbol-observable@^1.0.3, symbol-observable@^1.0.4:
  version "1.2.0"
  resolved "https://registry.yarnpkg.com/symbol-observable/-/symbol-observable-1.2.0.tgz#c22688aed4eab3cdc2dfeacbb561660560a00804"

type-of@^2.0.1:
  version "2.0.1"
  resolved "https://registry.yarnpkg.com/type-of/-/type-of-2.0.1.tgz#e72a1741896568e9f628378d816d6912f7f23972"

ua-parser-js@^0.7.18:
  version "0.7.19"
  resolved "https://registry.yarnpkg.com/ua-parser-js/-/ua-parser-js-0.7.19.tgz#94151be4c0a7fb1d001af7022fdaca4642659e4b"
  integrity sha512-T3PVJ6uz8i0HzPxOF9SWzWAlfN/DavlpQqepn22xgve/5QecC+XMCAtmUNnY7C9StehaV6exjUCI801lOI7QlQ==

uuid@^3.0.1:
  version "3.3.2"
  resolved "https://registry.yarnpkg.com/uuid/-/uuid-3.3.2.tgz#1b4af4955eb3077c501c23872fc6513811587131"
  integrity sha512-yXJmeNaw3DnnKAOKJE51sL/ZaYfWJRl1pK9dr19YFCu0ObS231AB1/LbqTKRAQ5kw8A90rA6fr4riOUpTZvQZA==

warning@^3.0.0:
  version "3.0.0"
  resolved "https://registry.yarnpkg.com/warning/-/warning-3.0.0.tgz#32e5377cb572de4ab04753bdf8821c01ed605b7c"
  integrity sha1-MuU3fLVy3kqwR1O9+IIcAe1gW3w=
  dependencies:
    loose-envify "^1.0.0"

whatwg-fetch@>=0.10.0:
  version "3.0.0"
  resolved "https://registry.yarnpkg.com/whatwg-fetch/-/whatwg-fetch-3.0.0.tgz#fc804e458cc460009b1a2b966bc8817d2578aefb"
  integrity sha512-9GSJUgz1D4MfyKU7KRqwOjXCXTqWdFNvEr7eUBYchQiVc744mqK/MzXPNR2WsPkmkOa4ywfg8C2n8h+13Bey1Q==
