# THIS IS AN AUTOGENERATED FILE. DO NOT EDIT THIS FILE DIRECTLY.
# yarn lockfile v1


"@guestbell/slate-common@0.3.0":
  version "0.3.0"
  resolved "https://registry.yarnpkg.com/@guestbell/slate-common/-/slate-common-0.3.0.tgz#07215a7f3f56b85b1a27c4d3bf192e4ffce11aa4"
  integrity sha512-RS2RZYYBnegy1rlvs/Iv63jKAOT7ShN0TMLTZ6D4Zxnx9+G9sIv2mZ7QIPV62rT9fbT/qMM46h1bIEWh9hEELw==

"@guestbell/slate-common@^0.3.0":
  version "0.3.3"
  resolved "https://registry.yarnpkg.com/@guestbell/slate-common/-/slate-common-0.3.3.tgz#6e07b859cb520f448bd651e59a7d654e7a29ea5d"
  integrity sha512-FrKyLXBEobOS8o8Kj1xifOEqcIAx8XWGFukr56PEVgdYUteZrU6ZfMyIEHSh3LSl674wuA4KsNOWiOL1/nDVjA==

"@guestbell/slate-edit-blockquote@0.3.0":
  version "0.3.0"
  resolved "https://registry.yarnpkg.com/@guestbell/slate-edit-blockquote/-/slate-edit-blockquote-0.3.0.tgz#40a7a082ea0cde68bf903f95c3305ef1f50dd37a"
  integrity sha512-c8sRieLPJVbHSNTe554ris0D5hNlBMc9Z0lB1RcDcAaffqzXY34/8nE/cgetqcRAg1eHOtbV8p4Ht0JukB8rwQ==
  dependencies:
    "@guestbell/slate-common" "^0.3.0"

"@guestbell/slate-edit-list@0.3.0":
  version "0.3.0"
  resolved "https://registry.yarnpkg.com/@guestbell/slate-edit-list/-/slate-edit-list-0.3.0.tgz#208c4c876e755208ef30dc44801f158f677ed002"
  integrity sha512-VlSMma3gGbCXRyFeRjBwBFa1usilhjU84HzXP+nSjfZXRfyneF48V994VaP5Qf06bEmHL28QpRRFSWx3k9h6xQ==
  dependencies:
    "@guestbell/slate-common" "^0.3.0"

"@types/is-hotkey@0.1.1":
  version "0.1.1"
  resolved "https://registry.yarnpkg.com/@types/is-hotkey/-/is-hotkey-0.1.1.tgz#802e294c2a02f26fbcbe8639c77ef05e38cfdc8c"
  integrity sha512-QzVKww91fJv/KzARJBS/Im5GS2A8iE64E1HxOed72EmYOvPLG4PBw77QCIUjFl7VwWB3G/SVrxsHedJD/wtn1A==

"@types/lodash.debounce@4.0.4":
  version "4.0.4"
  resolved "https://registry.yarnpkg.com/@types/lodash.debounce/-/lodash.debounce-4.0.4.tgz#a3d082628ef1bb1964c2b6a2d4f45acae7209e7a"
  integrity sha512-W3oJCQXSCmOE9uIqOdrUWT08YNSXyqXed8JhxJKCe4SH40yxz5HSdtStN1ZQYkvT7S/tae8PA34Y0TO5C7Z8Ng==
  dependencies:
    "@types/lodash" "*"

"@types/lodash@*":
  version "4.14.136"
  resolved "https://registry.yarnpkg.com/@types/lodash/-/lodash-4.14.136.tgz#413e85089046b865d960c9ff1d400e04c31ab60f"
  integrity sha512-0GJhzBdvsW2RUccNHOBkabI8HZVdOXmXbXhuKlDEd5Vv12P7oAVGfomGp3Ne21o5D/qu1WmthlNKFaoZJJeErA==

"@types/node@*":
  version "10.7.1"
  resolved "https://registry.yarnpkg.com/@types/node/-/node-10.7.1.tgz#b704d7c259aa40ee052eec678758a68d07132a2e"

debug@^3.1.0:
  version "3.1.0"
  resolved "https://registry.yarnpkg.com/debug/-/debug-3.1.0.tgz#5bb5a0672628b64149566ba16819e61518c67261"
  dependencies:
    ms "2.0.0"

deep-rename-keys@^0.2.1:
  version "0.2.1"
  resolved "https://registry.yarnpkg.com/deep-rename-keys/-/deep-rename-keys-0.2.1.tgz#ede78537d7a66a2be61517e2af956d7f58a3f1d8"
  dependencies:
    kind-of "^3.0.2"
    rename-keys "^1.1.2"

direction@^0.1.5:
  version "0.1.5"
  resolved "https://registry.yarnpkg.com/direction/-/direction-0.1.5.tgz#ce5d797f97e26f8be7beff53f7dc40e1c1a9ec4c"

esrever@^0.2.0:
  version "0.2.0"
  resolved "https://registry.yarnpkg.com/esrever/-/esrever-0.2.0.tgz#96e9d28f4f1b1a76784cd5d490eaae010e7407b8"

get-document@1:
  version "1.0.0"
  resolved "https://registry.yarnpkg.com/get-document/-/get-document-1.0.0.tgz#4821bce66f1c24cb0331602be6cb6b12c4f01c4b"

get-window@^1.1.1:
  version "1.1.2"
  resolved "https://registry.yarnpkg.com/get-window/-/get-window-1.1.2.tgz#65fbaa999fb87f86ea5d30770f4097707044f47f"
  dependencies:
    get-document "1"

immutable@3.8.2:
  version "3.8.2"
  resolved "https://registry.yarnpkg.com/immutable/-/immutable-3.8.2.tgz#c2439951455bb39913daf281376f1530e104adf3"

is-buffer@^1.1.5:
  version "1.1.6"
  resolved "https://registry.yarnpkg.com/is-buffer/-/is-buffer-1.1.6.tgz#efaa2ea9daa0d7ab2ea13a97b2b8ad51fefbe8be"

is-hotkey@0.1.4:
  version "0.1.4"
  resolved "https://registry.yarnpkg.com/is-hotkey/-/is-hotkey-0.1.4.tgz#c34d2c85d6ec8d09a871dcf71931c8067a824c7d"
  integrity sha512-Py+aW4r5mBBY18TGzGz286/gKS+fCQ0Hee3qkaiSmEPiD0PqFpe0wuA3l7rTOUKyeXl8Mxf3XzJxIoTlSv+kxA==

is-in-browser@^1.1.3:
  version "1.1.3"
  resolved "https://registry.yarnpkg.com/is-in-browser/-/is-in-browser-1.1.3.tgz#56ff4db683a078c6082eb95dad7dc62e1d04f835"

is-plain-object@^2.0.4:
  version "2.0.4"
  resolved "https://registry.yarnpkg.com/is-plain-object/-/is-plain-object-2.0.4.tgz#2c163b3fafb1b606d9d17928f05c2a1c38e07677"
  dependencies:
    isobject "^3.0.1"

is-window@^1.0.2:
  version "1.0.2"
  resolved "https://registry.yarnpkg.com/is-window/-/is-window-1.0.2.tgz#2c896ca53db97de45d3c33133a65d8c9f563480d"

isobject@^3.0.1:
  version "3.0.1"
  resolved "https://registry.yarnpkg.com/isobject/-/isobject-3.0.1.tgz#4e431e92b11a9731636aa1f9c8d1ccbcfdab78df"

isomorphic-base64@^1.0.2:
  version "1.0.2"
  resolved "https://registry.yarnpkg.com/isomorphic-base64/-/isomorphic-base64-1.0.2.tgz#f426aae82569ba8a4ec5ca73ad21a44ab1ee7803"

"js-tokens@^3.0.0 || ^4.0.0":
  version "4.0.0"
  resolved "https://registry.yarnpkg.com/js-tokens/-/js-tokens-4.0.0.tgz#19203fb59991df98e3a287050d4647cdeaf32499"

kind-of@^3.0.2:
  version "3.2.2"
  resolved "https://registry.yarnpkg.com/kind-of/-/kind-of-3.2.2.tgz#31ea21a734bab9bbb0f32466d893aea51e4a3c64"
  dependencies:
    is-buffer "^1.1.5"

lodash-es@^4.2.1:
  version "4.17.10"
  resolved "https://registry.yarnpkg.com/lodash-es/-/lodash-es-4.17.10.tgz#62cd7104cdf5dd87f235a837f0ede0e8e5117e05"

lodash.debounce@4.0.8:
  version "4.0.8"
  resolved "https://registry.yarnpkg.com/lodash.debounce/-/lodash.debounce-4.0.8.tgz#82d79bff30a67c4005ffd5e2515300ad9ca4d7af"
  integrity sha1-gteb/zCmfEAF/9XiUVMArZyk168=

lodash.throttle@4.1.1:
  version "4.1.1"
  resolved "https://registry.yarnpkg.com/lodash.throttle/-/lodash.throttle-4.1.1.tgz#c23e91b710242ac70c37f1e1cda9274cc39bf2f4"
  integrity sha1-wj6RtxAkKscMN/HhzaknTMOb8vQ=

lodash@^4.1.1, lodash@^4.17.4, lodash@^4.2.1:
  version "4.17.10"
  resolved "https://registry.yarnpkg.com/lodash/-/lodash-4.17.10.tgz#1b7793cf7259ea38fb3661d4d38b3260af8ae4e7"

loose-envify@^1.1.0, loose-envify@^1.3.1:
  version "1.4.0"
  resolved "https://registry.yarnpkg.com/loose-envify/-/loose-envify-1.4.0.tgz#71ee51fa7be4caec1a63839f7e682d8132d30caf"
  dependencies:
    js-tokens "^3.0.0 || ^4.0.0"

memoize-one@^4.0.0:
  version "4.0.0"
  resolved "https://registry.yarnpkg.com/memoize-one/-/memoize-one-4.0.0.tgz#fc5e2f1427a216676a62ec652cf7398cfad123db"

ms@2.0.0:
  version "2.0.0"
  resolved "https://registry.yarnpkg.com/ms/-/ms-2.0.0.tgz#5608aeadfc00be6c2901df5f9861788de0d597c8"

object-assign@^4.1.1:
  version "4.1.1"
  resolved "https://registry.yarnpkg.com/object-assign/-/object-assign-4.1.1.tgz#2109adc7965887cfc05cbbd442cac8bfbb360863"

parse5@^3.0.2:
  version "3.0.3"
  resolved "https://registry.yarnpkg.com/parse5/-/parse5-3.0.3.tgz#042f792ffdd36851551cf4e9e066b3874ab45b5c"
  dependencies:
    "@types/node" "*"

prop-types@^15.5.8:
  version "15.6.2"
  resolved "https://registry.yarnpkg.com/prop-types/-/prop-types-15.6.2.tgz#05d5ca77b4453e985d60fc7ff8c859094a497102"
  integrity sha512-3pboPvLiWD7dkI3qf3KbUe6hKFKa52w+AE0VCqECtf+QHAKgOL37tTaNCnuX1nAAQ4ZhyP+kYVKf8rLmJ/feDQ==
  dependencies:
    loose-envify "^1.3.1"
    object-assign "^4.1.1"

ramda@^0.24.1:
  version "0.24.1"
  resolved "https://registry.yarnpkg.com/ramda/-/ramda-0.24.1.tgz#c3b7755197f35b8dc3502228262c4c91ddb6b857"

react-immutable-proptypes@^2.1.0:
  version "2.1.0"
  resolved "https://registry.yarnpkg.com/react-immutable-proptypes/-/react-immutable-proptypes-2.1.0.tgz#023d6f39bb15c97c071e9e60d00d136eac5fa0b4"

react-portal@4.1.5:
  version "4.1.5"
  resolved "https://registry.yarnpkg.com/react-portal/-/react-portal-4.1.5.tgz#6665d4d2a92d47d6f8b07a6529e26fc52d5cccde"
  dependencies:
    prop-types "^15.5.8"

redux-undo@1.0.0-beta9-7:
  version "1.0.0-beta9-7"
  resolved "https://registry.yarnpkg.com/redux-undo/-/redux-undo-1.0.0-beta9-7.tgz#e3fcc8bc29d8c579f2c13f854287e5af0d8744ae"
  dependencies:
    redux "^3.5.2"

redux@^3.5.2:
  version "3.7.2"
  resolved "https://registry.yarnpkg.com/redux/-/redux-3.7.2.tgz#06b73123215901d25d065be342eb026bc1c8537b"
  integrity sha512-pNqnf9q1hI5HHZRBkj3bAngGZW/JMCmexDlOxw4XagXY2o1327nHH54LoTjiPJ0gizoqPDRqWyX/00g0hD6w+A==
  dependencies:
    lodash "^4.2.1"
    lodash-es "^4.2.1"
    loose-envify "^1.1.0"
    symbol-observable "^1.0.3"

rename-keys@^1.1.2:
  version "1.2.0"
  resolved "https://registry.yarnpkg.com/rename-keys/-/rename-keys-1.2.0.tgz#be602fb0b750476b513ebe85ba4465d03254f0a3"

selection-is-backward@^1.0.0:
  version "1.0.0"
  resolved "https://registry.yarnpkg.com/selection-is-backward/-/selection-is-backward-1.0.0.tgz#97a54633188a511aba6419fc5c1fa91b467e6be1"

slate-base64-serializer@^0.2.102:
  version "0.2.107"
  resolved "https://registry.yarnpkg.com/slate-base64-serializer/-/slate-base64-serializer-0.2.107.tgz#ca040594926c50ae36ddaff55ff0de3d8935f461"
  integrity sha512-PQ3dELhWxqOMWCyzhGSDgUQa7Nkt4yZ5oa6d6x2RTEpinbph9wOf/BZlNneVFxhaUB1aWtrrpkICGOoj1RbErQ==
  dependencies:
    isomorphic-base64 "^1.0.2"

slate-dev-environment@^0.2.2:
  version "0.2.2"
  resolved "https://registry.yarnpkg.com/slate-dev-environment/-/slate-dev-environment-0.2.2.tgz#bd8946e1fe4cf5447060c84a362a1d026ed8b77f"
  integrity sha512-JZ09llrRQu6JUsLJCUlGC0lB1r1qIAabAkSd454iyYBq6lDuY//Bypi3Jo8yzIfzZ4+mRLdQvl9e8MbeM9l48Q==
  dependencies:
    is-in-browser "^1.1.3"

slate-hotkeys@^0.2.9:
  version "0.2.9"
  resolved "https://registry.yarnpkg.com/slate-hotkeys/-/slate-hotkeys-0.2.9.tgz#0cc9eb750a49ab9ef11601305b7c82b5402348e3"
  integrity sha512-y+C/s5vJEmBxo8fIqHmUcdViGwALL/A6Qow3sNG1OHYD5SI11tC2gfYtGbPh+2q0H7O4lufffCmFsP5bMaDHqA==
  dependencies:
    is-hotkey "0.1.4"
    slate-dev-environment "^0.2.2"

slate-html-serializer@0.7.33:
  version "0.7.33"
  resolved "https://registry.yarnpkg.com/slate-html-serializer/-/slate-html-serializer-0.7.33.tgz#49a19bb346ef2f7ba017090815d7e35061a77a09"
  integrity sha512-d+/eaRUp+/4F/AUyIVYI/73ayu2JURhraUzSCjuRQknw/xEOc1KsPgb2qSC6CLnHQPqstwvGNwyrKcv/+igqbQ==
  dependencies:
    type-of "^2.0.1"

slate-plain-serializer@^0.6.33:
  version "0.6.39"
  resolved "https://registry.yarnpkg.com/slate-plain-serializer/-/slate-plain-serializer-0.6.39.tgz#5fb8d4dc530a2e7e0689548d48964ce242c4516a"
  integrity sha512-EGl+Y+9Fw9IULtPg8sttydaeiAoaibJolMXNfqI79+5GWTQwJFIbg24keKvsTw+3f2RieaPu8fcrKyujKtZ7ZQ==

slate-plain-serializer@^0.7.1:
  version "0.7.6"
  resolved "https://registry.yarnpkg.com/slate-plain-serializer/-/slate-plain-serializer-0.7.6.tgz#b9d092ddfb3415cc61920e1748caae3afed066f7"
  integrity sha512-PHCV8RDulthgE5BnySf1PqjG6UEwXYSPjfe++FToeSZRAApd/MHTcMyvQ/m1GdliP/yEWN1X3+TUyO42QlNvRg==

slate-prop-types@^0.5.32:
  version "0.5.37"
  resolved "https://registry.yarnpkg.com/slate-prop-types/-/slate-prop-types-0.5.37.tgz#46b64fb5650b0c3f24f3cbf7e225135ba8e3dc5c"
  integrity sha512-NwRJreD61T+25MYAti6umARr4X7zfx7ysXFCdzAH+noeHIri1yIVrevGYch8Z2hY8OmnGGtzttHKMTdQLPcBIA==

slate-react-placeholder@^0.1.20:
  version "0.1.20"
  resolved "https://registry.yarnpkg.com/slate-react-placeholder/-/slate-react-placeholder-0.1.20.tgz#1a504727257cd50d9a4da4eb1fe47bdf024eefbf"
  integrity sha512-A4xq1kS3V3YetFbLE/1dv+/SDVjx9zsZZepJqjcmkGK+evHU2yNkWjZXCg8MLMRtZJpGtYT/BE3+kHbkgT5Q4A==

slate-react@^0.21.15:
  version "0.21.24"
  resolved "https://registry.yarnpkg.com/slate-react/-/slate-react-0.21.24.tgz#58754895ea987695bab380718559f3d6a043e0b1"
  integrity sha512-fY1xUPCpsbTPGtiU0hc85JEzR5cf66Bqh5DLlDIfld/DljCKJoIVYR+EkFW5NuvvZPHhRjz4Ywz6IA/Krcjtug==
  dependencies:
    debug "^3.1.0"
    get-window "^1.1.1"
    is-window "^1.0.2"
    lodash "^4.1.1"
    memoize-one "^4.0.0"
    prop-types "^15.5.8"
    react-immutable-proptypes "^2.1.0"
    selection-is-backward "^1.0.0"
    slate-base64-serializer "^0.2.102"
    slate-dev-environment "^0.2.2"
    slate-hotkeys "^0.2.9"
    slate-plain-serializer "^0.7.1"
    slate-prop-types "^0.5.32"
    slate-react-placeholder "^0.1.20"
    tiny-invariant "^1.0.1"
    tiny-warning "^0.0.3"

slate-schema-violations@0.1.39:
  version "0.1.39"
  resolved "https://registry.yarnpkg.com/slate-schema-violations/-/slate-schema-violations-0.1.39.tgz#854ab5624136419cef4c803b1823acabe11f1c15"
  integrity sha512-SNRoV9Ii5UqjNqAKcIw7aAOMwgI45zsn86ue2n8NVLNOCe3fUI35cjq6l3fdvmRYw4X/GcZqzhpQsizHD3ts6A==

slate@^0.44.9:
  version "0.44.13"
  resolved "https://registry.yarnpkg.com/slate/-/slate-0.44.13.tgz#9c87d0769fd7bacc3ce649f4e3c9fd3a2e705245"
  integrity sha512-GcDon/8iN6Mmonl7FucSDGs9KYDB7S9gs+fnnJDny5HFsHGGDTDwfBnRXMyKDC307sRZ+yhauqKSulHkoBdB9A==
  dependencies:
    debug "^3.1.0"
    direction "^0.1.5"
    esrever "^0.2.0"
    is-plain-object "^2.0.4"
    lodash "^4.17.4"
    tiny-invariant "^1.0.1"
    tiny-warning "^0.0.3"
    type-of "^2.0.1"

symbol-observable@^1.0.3:
  version "1.2.0"
  resolved "https://registry.yarnpkg.com/symbol-observable/-/symbol-observable-1.2.0.tgz#c22688aed4eab3cdc2dfeacbb561660560a00804"

tiny-invariant@^1.0.1:
  version "1.0.6"
  resolved "https://registry.yarnpkg.com/tiny-invariant/-/tiny-invariant-1.0.6.tgz#b3f9b38835e36a41c843a3b0907a5a7b3755de73"
  integrity sha512-FOyLWWVjG+aC0UqG76V53yAWdXfH8bO6FNmyZOuUrzDzK8DI3/JRY25UD7+g49JWM1LXwymsKERB+DzI0dTEQA==

tiny-warning@^0.0.3:
  version "0.0.3"
  resolved "https://registry.yarnpkg.com/tiny-warning/-/tiny-warning-0.0.3.tgz#1807eb4c5f81784a6354d58ea1d5024f18c6c81f"
  integrity sha512-r0SSA5Y5IWERF9Xh++tFPx0jITBgGggOsRLDWWew6YRw/C2dr4uNO1fw1vanrBmHsICmPyMLNBZboTlxUmUuaA==

type-of@^2.0.1:
  version "2.0.1"
  resolved "https://registry.yarnpkg.com/type-of/-/type-of-2.0.1.tgz#e72a1741896568e9f628378d816d6912f7f23972"
