# THIS IS AN AUTOGENERATED FILE. DO NOT EDIT THIS FILE DIRECTLY.
# yarn lockfile v1


"@babel/runtime@^7.3.1", "@babel/runtime@^7.4.4", "@babel/runtime@^7.5.5", "@babel/runtime@^7.6.0", "@babel/runtime@^7.6.3":
  version "7.7.2"
  resolved "https://registry.yarnpkg.com/@babel/runtime/-/runtime-7.7.2.tgz#111a78002a5c25fc8e3361bedc9529c696b85a6a"
  integrity sha512-JONRbXbTXc9WQE2mAZd1p0Z3DZ/6vaQIkgYMSTP3KjRCyd7rCZCcfhCyX+YjwcKxcZ82UrxbRD358bpExNgrjw==
  dependencies:
    regenerator-runtime "^0.13.2"

"@babel/runtime@^7.8.3":
  version "7.11.2"
  resolved "https://registry.yarnpkg.com/@babel/runtime/-/runtime-7.11.2.tgz#f549c13c754cc40b87644b9fa9f09a6a95fe0736"
  integrity sha512-TeWkU52so0mPtDcaCTxNBI/IHiz0pZgr8VEFqXFtZWpYD08ZB6FaSwVAS8MKRQAP3bYKiVjwysOJgMFY28o6Tw==
  dependencies:
    regenerator-runtime "^0.13.4"

"@emotion/hash@^0.8.0":
  version "0.8.0"
  resolved "https://registry.yarnpkg.com/@emotion/hash/-/hash-0.8.0.tgz#bbbff68978fefdbe68ccb533bc8cbe1d1afb5413"
  integrity sha512-kBJtf7PH6aWwZ6fka3zQ0p6SBYzx4fl1LoZXE2RrnYST9Xljm7WfKJrU4g/Xr3Beg72MLrp1AWNUmuYJTL7Cow==

"@icons/material@^0.2.4":
  version "0.2.4"
  resolved "https://registry.yarnpkg.com/@icons/material/-/material-0.2.4.tgz#e90c9f71768b3736e76d7dd6783fc6c2afa88bc8"
  integrity sha512-QPcGmICAPbGLGb6F/yNf/KzKqvFx8z5qx3D1yFqVAjoFmXK35EgyW+cJ57Te3CNsmzblwtzakLGFqHPqrfb4Tw==

"@loadable/component@5.10.3":
  version "5.10.3"
  resolved "https://registry.yarnpkg.com/@loadable/component/-/component-5.10.3.tgz#e1ad811ac4834a6ed187605d8464351d0c52896f"
  integrity sha512-/aSO+tXw4vFMwZ6fgLaNQgLuEa7bgTpoBE4PxNzf08/ewAjymrCS3J7v3SbGE7IjGmmKL6vVwkpb7S3cYrk+ag==
  dependencies:
    "@babel/runtime" "^7.6.0"
    hoist-non-react-statics "^3.3.0"

"@material-ui/core@^4.3.3":
  version "4.11.0"
  resolved "https://registry.yarnpkg.com/@material-ui/core/-/core-4.11.0.tgz#b69b26e4553c9e53f2bfaf1053e216a0af9be15a"
  integrity sha512-bYo9uIub8wGhZySHqLQ833zi4ZML+XCBE1XwJ8EuUVSpTWWG57Pm+YugQToJNFsEyiKFhPh8DPD0bgupz8n01g==
  dependencies:
    "@babel/runtime" "^7.4.4"
    "@material-ui/styles" "^4.10.0"
    "@material-ui/system" "^4.9.14"
    "@material-ui/types" "^5.1.0"
    "@material-ui/utils" "^4.10.2"
    "@types/react-transition-group" "^4.2.0"
    clsx "^1.0.4"
    hoist-non-react-statics "^3.3.2"
    popper.js "1.16.1-lts"
    prop-types "^15.7.2"
    react-is "^16.8.0"
    react-transition-group "^4.4.0"

"@material-ui/icons@^4.2.1":
  version "4.9.1"
  resolved "https://registry.yarnpkg.com/@material-ui/icons/-/icons-4.9.1.tgz#fdeadf8cb3d89208945b33dbc50c7c616d0bd665"
  integrity sha512-GBitL3oBWO0hzBhvA9KxqcowRUsA0qzwKkURyC8nppnC3fw54KPKZ+d4V1Eeg/UnDRSzDaI9nGCdel/eh9AQMg==
  dependencies:
    "@babel/runtime" "^7.4.4"

"@material-ui/styles@^4.10.0", "@material-ui/styles@^4.3.3":
  version "4.10.0"
  resolved "https://registry.yarnpkg.com/@material-ui/styles/-/styles-4.10.0.tgz#2406dc23aa358217aa8cc772e6237bd7f0544071"
  integrity sha512-XPwiVTpd3rlnbfrgtEJ1eJJdFCXZkHxy8TrdieaTvwxNYj42VnnCyFzxYeNW9Lhj4V1oD8YtQ6S5Gie7bZDf7Q==
  dependencies:
    "@babel/runtime" "^7.4.4"
    "@emotion/hash" "^0.8.0"
    "@material-ui/types" "^5.1.0"
    "@material-ui/utils" "^4.9.6"
    clsx "^1.0.4"
    csstype "^2.5.2"
    hoist-non-react-statics "^3.3.2"
    jss "^10.0.3"
    jss-plugin-camel-case "^10.0.3"
    jss-plugin-default-unit "^10.0.3"
    jss-plugin-global "^10.0.3"
    jss-plugin-nested "^10.0.3"
    jss-plugin-props-sort "^10.0.3"
    jss-plugin-rule-value-function "^10.0.3"
    jss-plugin-vendor-prefixer "^10.0.3"
    prop-types "^15.7.2"

"@material-ui/system@^4.9.14":
  version "4.9.14"
  resolved "https://registry.yarnpkg.com/@material-ui/system/-/system-4.9.14.tgz#4b00c48b569340cefb2036d0596b93ac6c587a5f"
  integrity sha512-oQbaqfSnNlEkXEziDcJDDIy8pbvwUmZXWNqlmIwDqr/ZdCK8FuV3f4nxikUh7hvClKV2gnQ9djh5CZFTHkZj3w==
  dependencies:
    "@babel/runtime" "^7.4.4"
    "@material-ui/utils" "^4.9.6"
    csstype "^2.5.2"
    prop-types "^15.7.2"

"@material-ui/types@^5.1.0":
  version "5.1.0"
  resolved "https://registry.yarnpkg.com/@material-ui/types/-/types-5.1.0.tgz#efa1c7a0b0eaa4c7c87ac0390445f0f88b0d88f2"
  integrity sha512-7cqRjrY50b8QzRSYyhSpx4WRw2YuO0KKIGQEVk5J8uoz2BanawykgZGoWEqKm7pVIbzFDN0SpPcVV4IhOFkl8A==

"@material-ui/utils@^4.10.2", "@material-ui/utils@^4.9.6":
  version "4.10.2"
  resolved "https://registry.yarnpkg.com/@material-ui/utils/-/utils-4.10.2.tgz#3fd5470ca61b7341f1e0468ac8f29a70bf6df321"
  integrity sha512-eg29v74P7W5r6a4tWWDAAfZldXIzfyO1am2fIsC39hdUUHm/33k6pGOKPbgDjg/U/4ifmgAePy/1OjkKN6rFRw==
  dependencies:
    "@babel/runtime" "^7.4.4"
    prop-types "^15.7.2"
    react-is "^16.8.0"

"@types/prop-types@*":
  version "15.7.3"
  resolved "https://registry.yarnpkg.com/@types/prop-types/-/prop-types-15.7.3.tgz#2ab0d5da2e5815f94b0b9d4b95d1e5f243ab2ca7"
  integrity sha512-KfRL3PuHmqQLOG+2tGpRO26Ctg+Cq1E01D2DMriKEATHgWLfeNDmq9e29Q9WIky0dQ3NPkd1mzYH8Lm936Z9qw==

"@types/react-color@^2.13.6":
  version "2.17.2"
  resolved "https://registry.yarnpkg.com/@types/react-color/-/react-color-2.17.2.tgz#1a9de1baf5af5c4c7aecb8cb80f3f3cf242743ad"
  integrity sha512-6aa8L1hhxxjEZz7LY45NRMOKUt72dVrB3MWXESv92YZohH3n2jjUi7j1cMeygdSUxZD8qLU5ITA63tRYYu8M2g==
  dependencies:
    "@types/react" "*"

"@types/react-redux@^6.0.11":
  version "6.0.14"
  resolved "https://registry.yarnpkg.com/@types/react-redux/-/react-redux-6.0.14.tgz#8ffeb52c4f4d578bf74418d9aff5af7289924e4f"
  integrity sha512-bvpWqBOvz2V+EfZ9Qu1d3gFKYCIn/BYoGWAVt1c526tbiI9rtfaBbjutbbapmtEZaEfLuHj3Ljg9qho0SBSwUg==
  dependencies:
    "@types/react" "*"
    redux "^4.0.0"

"@types/react-transition-group@^4.2.0":
  version "4.2.3"
  resolved "https://registry.yarnpkg.com/@types/react-transition-group/-/react-transition-group-4.2.3.tgz#4924133f7268694058e415bf7aea2d4c21131470"
  integrity sha512-Hk8jiuT7iLOHrcjKP/ZVSyCNXK73wJAUz60xm0mVhiRujrdiI++j4duLiL282VGxwAgxetHQFfqA29LgEeSkFA==
  dependencies:
    "@types/react" "*"

"@types/react@*":
  version "16.9.11"
  resolved "https://registry.yarnpkg.com/@types/react/-/react-16.9.11.tgz#70e0b7ad79058a7842f25ccf2999807076ada120"
  integrity sha512-UBT4GZ3PokTXSWmdgC/GeCGEJXE5ofWyibCcecRLUVN2ZBpXQGVgQGtG2foS7CrTKFKlQVVswLvf7Js6XA/CVQ==
  dependencies:
    "@types/prop-types" "*"
    csstype "^2.2.0"

"@types/redux@^3.6.0":
  version "3.6.0"
  resolved "https://registry.yarnpkg.com/@types/redux/-/redux-3.6.0.tgz#f1ebe1e5411518072e4fdfca5c76e16e74c1399a"
  integrity sha1-8evh5UEVGAcuT9/KXHbhbnTBOZo=
  dependencies:
    redux "*"

classnames@^2.2.5:
  version "2.2.6"
  resolved "https://registry.yarnpkg.com/classnames/-/classnames-2.2.6.tgz#43935bffdd291f326dad0a205309b38d00f650ce"
  integrity sha512-JR/iSQOSt+LQIWwrwEzJ9uk0xfN3mTVYMwt1Ir5mUcSN6pU+V4zQFFaJsclJbPuAUQH+yfWef6tm7l1quW3C8Q==

clsx@^1.0.4:
  version "1.1.1"
  resolved "https://registry.yarnpkg.com/clsx/-/clsx-1.1.1.tgz#98b3134f9abbdf23b2663491ace13c5c03a73188"
  integrity sha512-6/bPho624p3S2pMyvP5kKBPXnI3ufHLObBFCfgx+LkeR5lg2XYy2hqZqUf45ypD8COn2bhgGJSUE+l5dhNBieA==

css-vendor@^2.0.8:
  version "2.0.8"
  resolved "https://registry.yarnpkg.com/css-vendor/-/css-vendor-2.0.8.tgz#e47f91d3bd3117d49180a3c935e62e3d9f7f449d"
  integrity sha512-x9Aq0XTInxrkuFeHKbYC7zWY8ai7qJ04Kxd9MnvbC1uO5DagxoHQjm4JvG+vCdXOoFtCjbL2XSZfxmoYa9uQVQ==
  dependencies:
    "@babel/runtime" "^7.8.3"
    is-in-browser "^1.0.2"

csstype@^2.2.0, csstype@^2.5.2, csstype@^2.6.7:
  version "2.6.7"
  resolved "https://registry.yarnpkg.com/csstype/-/csstype-2.6.7.tgz#20b0024c20b6718f4eda3853a1f5a1cce7f5e4a5"
  integrity sha512-9Mcn9sFbGBAdmimWb2gLVDtFJzeKtDGIr76TUqmjZrw9LFXBMSU70lcs+C0/7fyCd6iBDqmksUcCOUIkisPHsQ==

csstype@^3.0.2:
  version "3.0.3"
  resolved "https://registry.yarnpkg.com/csstype/-/csstype-3.0.3.tgz#2b410bbeba38ba9633353aff34b05d9755d065f8"
  integrity sha512-jPl+wbWPOWJ7SXsWyqGRk3lGecbar0Cb0OvZF/r/ZU011R4YqiRehgkQ9p4eQfo9DSDLqLL3wHwfxeJiuIsNag==

dom-helpers@^5.0.1:
  version "5.1.3"
  resolved "https://registry.yarnpkg.com/dom-helpers/-/dom-helpers-5.1.3.tgz#7233248eb3a2d1f74aafca31e52c5299cc8ce821"
  integrity sha512-nZD1OtwfWGRBWlpANxacBEZrEuLa16o1nh7YopFWeoF68Zt8GGEmzHu6Xv4F3XaFIC+YXtTLrzgqKxFgLEe4jw==
  dependencies:
    "@babel/runtime" "^7.6.3"
    csstype "^2.6.7"

hoist-non-react-statics@^3.3.0:
  version "3.3.0"
  resolved "https://registry.yarnpkg.com/hoist-non-react-statics/-/hoist-non-react-statics-3.3.0.tgz#b09178f0122184fb95acf525daaecb4d8f45958b"
  integrity sha512-0XsbTXxgiaCDYDIWFcwkmerZPSwywfUqYmwT4jzewKTQSWoE6FCMoUVOeBJWK3E/CrWbxRG3m5GzY4lnIwGRBA==
  dependencies:
    react-is "^16.7.0"

hoist-non-react-statics@^3.3.2:
  version "3.3.2"
  resolved "https://registry.yarnpkg.com/hoist-non-react-statics/-/hoist-non-react-statics-3.3.2.tgz#ece0acaf71d62c2969c2ec59feff42a4b1a85b45"
  integrity sha512-/gGivxi8JPKWNm/W0jSmzcMPpfpPLc3dY/6GxhX2hQ9iGj3aDfklV4ET7NjKpSinLpJ5vafa9iiGIEZg10SfBw==
  dependencies:
    react-is "^16.7.0"

hyphenate-style-name@^1.0.3:
  version "1.0.3"
  resolved "https://registry.yarnpkg.com/hyphenate-style-name/-/hyphenate-style-name-1.0.3.tgz#097bb7fa0b8f1a9cf0bd5c734cf95899981a9b48"
  integrity sha512-EcuixamT82oplpoJ2XU4pDtKGWQ7b00CD9f1ug9IaQ3p1bkHMiKCZ9ut9QDI6qsa6cpUuB+A/I+zLtdNK4n2DQ==

is-in-browser@^1.0.2, is-in-browser@^1.1.3:
  version "1.1.3"
  resolved "https://registry.yarnpkg.com/is-in-browser/-/is-in-browser-1.1.3.tgz#56ff4db683a078c6082eb95dad7dc62e1d04f835"
  integrity sha1-Vv9NtoOgeMYILrldrX3GLh0E+DU=

"js-tokens@^3.0.0 || ^4.0.0":
  version "4.0.0"
  resolved "https://registry.yarnpkg.com/js-tokens/-/js-tokens-4.0.0.tgz#19203fb59991df98e3a287050d4647cdeaf32499"
  integrity sha512-RdJUflcE3cUzKiMqQgsCu06FPu9UdIJO0beYbPhHN4k6apgJtifcoCtT9bcxOpYBtpD2kCM6Sbzg4CausW/PKQ==

jss-plugin-camel-case@^10.0.3:
  version "10.4.0"
  resolved "https://registry.yarnpkg.com/jss-plugin-camel-case/-/jss-plugin-camel-case-10.4.0.tgz#46c75ff7fd61c304984c21af5817823f0f501ceb"
  integrity sha512-9oDjsQ/AgdBbMyRjc06Kl3P8lDCSEts2vYZiPZfGAxbGCegqE4RnMob3mDaBby5H9vL9gWmyyImhLRWqIkRUCw==
  dependencies:
    "@babel/runtime" "^7.3.1"
    hyphenate-style-name "^1.0.3"
    jss "10.4.0"

jss-plugin-default-unit@^10.0.3:
  version "10.4.0"
  resolved "https://registry.yarnpkg.com/jss-plugin-default-unit/-/jss-plugin-default-unit-10.4.0.tgz#2b10f01269eaea7f36f0f5fd1cfbfcc76ed42854"
  integrity sha512-BYJ+Y3RUYiMEgmlcYMLqwbA49DcSWsGgHpVmEEllTC8MK5iJ7++pT9TnKkKBnNZZxTV75ycyFCR5xeLSOzVm4A==
  dependencies:
    "@babel/runtime" "^7.3.1"
    jss "10.4.0"

jss-plugin-global@^10.0.3:
  version "10.4.0"
  resolved "https://registry.yarnpkg.com/jss-plugin-global/-/jss-plugin-global-10.4.0.tgz#19449425a94e4e74e113139b629fd44d3577f97d"
  integrity sha512-b8IHMJUmv29cidt3nI4bUI1+Mo5RZE37kqthaFpmxf5K7r2aAegGliAw4hXvA70ca6ckAoXMUl4SN/zxiRcRag==
  dependencies:
    "@babel/runtime" "^7.3.1"
    jss "10.4.0"

jss-plugin-nested@^10.0.3:
  version "10.4.0"
  resolved "https://registry.yarnpkg.com/jss-plugin-nested/-/jss-plugin-nested-10.4.0.tgz#017d0c02c0b6b454fd9d7d3fc33470a15eea9fd1"
  integrity sha512-cKgpeHIxAP0ygeWh+drpLbrxFiak6zzJ2toVRi/NmHbpkNaLjTLgePmOz5+67ln3qzJiPdXXJB1tbOyYKAP4Pw==
  dependencies:
    "@babel/runtime" "^7.3.1"
    jss "10.4.0"
    tiny-warning "^1.0.2"

jss-plugin-props-sort@^10.0.3:
  version "10.4.0"
  resolved "https://registry.yarnpkg.com/jss-plugin-props-sort/-/jss-plugin-props-sort-10.4.0.tgz#7110bf0b6049cc2080b220b506532bf0b70c0e07"
  integrity sha512-j/t0R40/2fp+Nzt6GgHeUFnHVY2kPGF5drUVlgkcwYoHCgtBDOhTTsOfdaQFW6sHWfoQYgnGV4CXdjlPiRrzwA==
  dependencies:
    "@babel/runtime" "^7.3.1"
    jss "10.4.0"

jss-plugin-rule-value-function@^10.0.3:
  version "10.4.0"
  resolved "https://registry.yarnpkg.com/jss-plugin-rule-value-function/-/jss-plugin-rule-value-function-10.4.0.tgz#7cff4a91e84973536fa49b6ebbdbf7f339b01c82"
  integrity sha512-w8504Cdfu66+0SJoLkr6GUQlEb8keHg8ymtJXdVHWh0YvFxDG2l/nS93SI5Gfx0fV29dO6yUugXnKzDFJxrdFQ==
  dependencies:
    "@babel/runtime" "^7.3.1"
    jss "10.4.0"
    tiny-warning "^1.0.2"

jss-plugin-vendor-prefixer@^10.0.3:
  version "10.4.0"
  resolved "https://registry.yarnpkg.com/jss-plugin-vendor-prefixer/-/jss-plugin-vendor-prefixer-10.4.0.tgz#2a78f3c5d57d1e024fe7ad7c41de34d04e72ecc0"
  integrity sha512-DpF+/a+GU8hMh/948sBGnKSNfKkoHg2p9aRFUmyoyxgKjOeH9n74Ht3Yt8lOgdZsuWNJbPrvaa3U4PXKwxVpTQ==
  dependencies:
    "@babel/runtime" "^7.3.1"
    css-vendor "^2.0.8"
    jss "10.4.0"

jss@10.4.0, jss@^10.0.3:
  version "10.4.0"
  resolved "https://registry.yarnpkg.com/jss/-/jss-10.4.0.tgz#473a6fbe42e85441020a07e9519dac1e8a2e79ca"
  integrity sha512-l7EwdwhsDishXzqTc3lbsbyZ83tlUl5L/Hb16pHCvZliA9lRDdNBZmHzeJHP0sxqD0t1mrMmMR8XroR12JBYzw==
  dependencies:
    "@babel/runtime" "^7.3.1"
    csstype "^3.0.2"
    is-in-browser "^1.1.3"
    tiny-warning "^1.0.2"

lodash.throttle@^4.1.1:
  version "4.1.1"
  resolved "https://registry.yarnpkg.com/lodash.throttle/-/lodash.throttle-4.1.1.tgz#c23e91b710242ac70c37f1e1cda9274cc39bf2f4"
  integrity sha1-wj6RtxAkKscMN/HhzaknTMOb8vQ=

lodash@^4.0.1, lodash@^4.17.11:
  version "4.17.20"
  resolved "https://registry.yarnpkg.com/lodash/-/lodash-4.17.20.tgz#b44a9b6297bcb698f1c51a3545a2b3b368d59c52"
  integrity sha512-PlhdFcillOINfeV7Ni6oF1TAEayyZBoZ8bcshTHqOYJYlrqzRK5hagpagky5o4HfCzzd1TRkXPMFq6cKk9rGmA==

loose-envify@^1.4.0:
  version "1.4.0"
  resolved "https://registry.yarnpkg.com/loose-envify/-/loose-envify-1.4.0.tgz#71ee51fa7be4caec1a63839f7e682d8132d30caf"
  integrity sha512-lyuxPGr/Wfhrlem2CL/UcnUc1zcqKAImBDzukY7Y5F/yQiNdko6+fRLevlw1HgMySw7f611UIY408EtxRSoK3Q==
  dependencies:
    js-tokens "^3.0.0 || ^4.0.0"

material-colors@^1.2.1:
  version "1.2.6"
  resolved "https://registry.yarnpkg.com/material-colors/-/material-colors-1.2.6.tgz#6d1958871126992ceecc72f4bcc4d8f010865f46"
  integrity sha512-6qE4B9deFBIa9YSpOc9O0Sgc43zTeVYbgDT5veRKSlB2+ZuHNoVVxA1L/ckMUayV9Ay9y7Z/SZCLcGteW9i7bg==

object-assign@^4.1.1:
  version "4.1.1"
  resolved "https://registry.yarnpkg.com/object-assign/-/object-assign-4.1.1.tgz#2109adc7965887cfc05cbbd442cac8bfbb360863"
  integrity sha1-IQmtx5ZYh8/AXLvUQsrIv7s2CGM=

popper.js@1.16.1-lts:
  version "1.16.1-lts"
  resolved "https://registry.yarnpkg.com/popper.js/-/popper.js-1.16.1-lts.tgz#cf6847b807da3799d80ee3d6d2f90df8a3f50b05"
  integrity sha512-Kjw8nKRl1m+VrSFCoVGPph93W/qrSO7ZkqPpTf7F4bk/sqcfWK019dWBUpE/fBOsOQY1dks/Bmcbfn1heM/IsA==

prop-types@^15.5.10, prop-types@^15.5.8, prop-types@^15.6.2, prop-types@^15.7.2:
  version "15.7.2"
  resolved "https://registry.yarnpkg.com/prop-types/-/prop-types-15.7.2.tgz#52c41e75b8c87e72b9d9360e0206b99dcbffa6c5"
  integrity sha512-8QQikdH7//R2vurIJSutZ1smHYTcLpRWEOlHnzcWHmBYrOGUysKwSsrC89BCiFj3CbrfJ/nXFdJepOVrY1GCHQ==
  dependencies:
    loose-envify "^1.4.0"
    object-assign "^4.1.1"
    react-is "^16.8.1"

react-color@^2.14.1:
  version "2.17.3"
  resolved "https://registry.yarnpkg.com/react-color/-/react-color-2.17.3.tgz#b8556d744f95193468c7061d2aa19180118d4a48"
  integrity sha512-1dtO8LqAVotPIChlmo6kLtFS1FP89ll8/OiA8EcFRDR+ntcK+0ukJgByuIQHRtzvigf26dV5HklnxDIvhON9VQ==
  dependencies:
    "@icons/material" "^0.2.4"
    lodash "^4.17.11"
    material-colors "^1.2.1"
    prop-types "^15.5.10"
    reactcss "^1.2.0"
    tinycolor2 "^1.4.1"

react-is@^16.7.0, react-is@^16.8.1:
  version "16.11.0"
  resolved "https://registry.yarnpkg.com/react-is/-/react-is-16.11.0.tgz#b85dfecd48ad1ce469ff558a882ca8e8313928fa"
  integrity sha512-gbBVYR2p8mnriqAwWx9LbuUrShnAuSCNnuPGyc7GJrMVQtPDAh8iLpv7FRuMPFb56KkaVZIYSz1PrjI9q0QPCw==

react-is@^16.8.0:
  version "16.13.1"
  resolved "https://registry.yarnpkg.com/react-is/-/react-is-16.13.1.tgz#789729a4dc36de2999dc156dd6c1d9c18cea56a4"
  integrity sha512-24e6ynE2H+OKt4kqsOvNd8kBpV65zoxbA4BVsEOB3ARVWQki/DHzaUoC5KuON/BiccDaCCTZBuOcfZs70kR8bQ==

react-portal@4.1.5:
  version "4.1.5"
  resolved "https://registry.yarnpkg.com/react-portal/-/react-portal-4.1.5.tgz#6665d4d2a92d47d6f8b07a6529e26fc52d5cccde"
  integrity sha512-jJMy9DoVr4HRWPdO8IP/mDHP1Q972/aKkulVQeIrttOIyRNmCkR2IH7gK3HVjhzxy6M+k9TopSWN5q41wO/o6A==
  dependencies:
    prop-types "^15.5.8"

react-transition-group@^4.4.0:
  version "4.4.1"
  resolved "https://registry.yarnpkg.com/react-transition-group/-/react-transition-group-4.4.1.tgz#63868f9325a38ea5ee9535d828327f85773345c9"
  integrity sha512-Djqr7OQ2aPUiYurhPalTrVy9ddmFCCzwhqQmtN+J3+3DzLO209Fdr70QrN8Z3DsglWql6iY1lDWAfpFiBtuKGw==
  dependencies:
    "@babel/runtime" "^7.5.5"
    dom-helpers "^5.0.1"
    loose-envify "^1.4.0"
    prop-types "^15.6.2"

reactcss@^1.2.0:
  version "1.2.3"
  resolved "https://registry.yarnpkg.com/reactcss/-/reactcss-1.2.3.tgz#c00013875e557b1cf0dfd9a368a1c3dab3b548dd"
  integrity sha512-KiwVUcFu1RErkI97ywr8nvx8dNOpT03rbnma0SSalTYjkrPYaEajR4a/MRt6DZ46K6arDRbWMNHF+xH7G7n/8A==
  dependencies:
    lodash "^4.0.1"

redux@*, redux@^4.0.0:
  version "4.0.4"
  resolved "https://registry.yarnpkg.com/redux/-/redux-4.0.4.tgz#4ee1aeb164b63d6a1bcc57ae4aa0b6e6fa7a3796"
  integrity sha512-vKv4WdiJxOWKxK0yRoaK3Y4pxxB0ilzVx6dszU2W8wLxlb2yikRph4iV/ymtdJ6ZxpBLFbyrxklnT5yBbQSl3Q==
  dependencies:
    loose-envify "^1.4.0"
    symbol-observable "^1.2.0"

regenerator-runtime@^0.13.2:
  version "0.13.3"
  resolved "https://registry.yarnpkg.com/regenerator-runtime/-/regenerator-runtime-0.13.3.tgz#7cf6a77d8f5c6f60eb73c5fc1955b2ceb01e6bf5"
  integrity sha512-naKIZz2GQ8JWh///G7L3X6LaQUAMp2lvb1rvwwsURe/VXwD6VMfr+/1NuNw3ag8v2kY1aQ/go5SNn79O9JU7yw==

regenerator-runtime@^0.13.4:
  version "0.13.7"
  resolved "https://registry.yarnpkg.com/regenerator-runtime/-/regenerator-runtime-0.13.7.tgz#cac2dacc8a1ea675feaabaeb8ae833898ae46f55"
  integrity sha512-a54FxoJDIr27pgf7IgeQGxmqUNYrcV338lf/6gH456HZ/PhX+5BcwHXG9ajESmwe6WRO0tAzRUrRmNONWgkrew==

reselect@^3.0.0:
  version "3.0.1"
  resolved "https://registry.yarnpkg.com/reselect/-/reselect-3.0.1.tgz#efdaa98ea7451324d092b2b2163a6a1d7a9a2147"
  integrity sha1-79qpjqdFEyTQkrKyFjpqHXqaIUc=

symbol-observable@^1.2.0:
  version "1.2.0"
  resolved "https://registry.yarnpkg.com/symbol-observable/-/symbol-observable-1.2.0.tgz#c22688aed4eab3cdc2dfeacbb561660560a00804"
  integrity sha512-e900nM8RRtGhlV36KGEU9k65K3mPb1WV70OdjfxlG2EAuM1noi/E/BaW/uMhL7bPEssK8QV57vN3esixjUvcXQ==

tiny-warning@^1.0.2:
  version "1.0.3"
  resolved "https://registry.yarnpkg.com/tiny-warning/-/tiny-warning-1.0.3.tgz#94a30db453df4c643d0fd566060d60a875d84754"
  integrity sha512-lBN9zLN/oAf68o3zNXYrdCt1kP8WsiGW8Oo2ka41b2IM5JL/S1CTyX1rW0mb/zSuJun0ZUrDxx4sqvYS2FWzPA==

tinycolor2@^1.4.1:
  version "1.4.1"
  resolved "https://registry.yarnpkg.com/tinycolor2/-/tinycolor2-1.4.1.tgz#f4fad333447bc0b07d4dc8e9209d8f39a8ac77e8"
  integrity sha1-9PrTM0R7wLB9TcjpIJ2POaisd+g=
