{
	"name": "@react-page/renderer",
	"version": "0.0.0",
	"lockfileVersion": 1,
	"requires": true,
	"dependencies": {
		"@types/prop-types": {
			"version": "15.7.1",
			"resolved": "https://registry.npmjs.org/@types/prop-types/-/prop-types-15.7.1.tgz",
			"integrity": "sha512-CFzn9idOEpHrgdw8JsoTkaDDyRWk1jrzIV8djzcgpq0y9tG4B4lFT+Nxh52DVpDXV+n4+NPNv7M1Dj5uMp6XFg==",
			"dev": true
		},
		"@types/react": {
			"version": "16.8.0",
			"resolved": "https://registry.npmjs.org/@types/react/-/react-16.8.0.tgz",
			"integrity": "sha512-phBajeyF9ZIYGWUHJV1+X5GHOtdUO0+qHamY4PXFPf6ntoDfW+VqOG8oyruD2K4rqApfOB1QKuQiNYUX8ejEpQ==",
			"dev": true,
			"requires": {
				"@types/prop-types": "*",
				"csstype": "^2.2.0"
			}
		},
		"@types/slate": {
			"version": "0.33.4",
			"resolved": "https://registry.npmjs.org/@types/slate/-/slate-0.33.4.tgz",
			"integrity": "sha512-R6an1pZRvgFSRjUnFW67lL0A8DTCDgTVQPT+Xf5x1cOhpZ92KXJaIa7g7sOgLXvzNSGdTX+4xzrNcP9P0rD5PA==",
			"dev": true,
			"requires": {
				"immutable": "^3.8.2"
			}
		},
		"@types/slate-react": {
			"version": "0.12.3",
			"resolved": "https://registry.npmjs.org/@types/slate-react/-/slate-react-0.12.3.tgz",
			"integrity": "sha512-07SrDGKiS+hkTqMU2yKz+R3H+hw97ajciVf8C8IQbm0KCHX9pJi7jdiCAiRF+be8345DUMIIVg/tR/TXqHmYng==",
			"dev": true,
			"requires": {
				"@types/react": "*",
				"@types/slate": "*",
				"immutable": "^3.8.2"
			},
			"dependencies": {
				"@types/react": {
					"version": "16.7.17",
					"resolved": "https://registry.npmjs.org/@types/react/-/react-16.7.17.tgz",
					"integrity": "sha512-YcXcaoXaxo7A76mBCGlKlN2aZu3REQfF0DTrhiyXVJLA7PDdxVCr+wiQOrkVNn44D/zLlIyDSn3U918Ve0AaEA==",
					"dev": true,
					"requires": {
						"@types/prop-types": "*",
						"csstype": "^2.2.0"
					}
				}
			}
		},
		"classnames": {
			"version": "2.2.6",
			"resolved": "https://registry.npmjs.org/classnames/-/classnames-2.2.6.tgz",
			"integrity": "sha512-JR/iSQOSt+LQIWwrwEzJ9uk0xfN3mTVYMwt1Ir5mUcSN6pU+V4zQFFaJsclJbPuAUQH+yfWef6tm7l1quW3C8Q=="
		},
		"csstype": {
			"version": "2.6.6",
			"resolved": "https://registry.npmjs.org/csstype/-/csstype-2.6.6.tgz",
			"integrity": "sha512-RpFbQGUE74iyPgvr46U9t1xoQBM8T4BL8SxrN66Le2xYAPSaDJJKeztV3awugusb3g3G9iL8StmkBBXhcbbXhg==",
			"dev": true
		},
		"immutable": {
			"version": "3.8.2",
			"resolved": "https://registry.npmjs.org/immutable/-/immutable-3.8.2.tgz",
			"integrity": "sha1-wkOZUUVbs5kT2vKBN28VMOEErfM=",
			"dev": true
		}
	}
}
