{
	"name": "ory-editor-plugins-background",
	"version": "0.0.0",
	"lockfileVersion": 1,
	"requires": true,
	"dependencies": {
		"@babel/runtime": {
			"version": "7.0.0-rc.1",
			"resolved": "https://registry.npmjs.org/@babel/runtime/-/runtime-7.0.0-rc.1.tgz",
			"integrity": "sha512-Nifv2kwP/nwR39cAOasNxzjYfpeuf/ZbZNtQz5eYxWTC9yHARU9wItFnAwz1GTZ62MU+AtSjzZPMbLK5Q9hmbg==",
			"requires": {
				"regenerator-runtime": "0.12.1"
			}
		},
		"@material-ui/lab": {
			"version": "1.0.0-alpha.12",
			"resolved": "https://registry.npmjs.org/@material-ui/lab/-/lab-1.0.0-alpha.12.tgz",
			"integrity": "sha512-nEbCji0ZHI25Krwk3WFepAUmNsw6hE5fS1vJDcyM/wtij/GuvRwcUmEL/NfdvOhU1OViFaCsEUFw3rXomlXZCg==",
			"requires": {
				"@babel/runtime": "7.0.0-rc.1"
			}
		},
		"regenerator-runtime": {
			"version": "0.12.1",
			"resolved": "https://registry.npmjs.org/regenerator-runtime/-/regenerator-runtime-0.12.1.tgz",
			"integrity": "sha512-odxIc1/vDlo4iZcfXqRYFj0vpXFNoGdKMAUieAlFYO6m/nl5e9KR/beGf41z4a1FI+aQgtjhuaSlDxQ0hmkrHg=="
		}
	}
}
