# THIS IS AN AUTOGENERATED FILE. DO NOT EDIT THIS FILE DIRECTLY.
# yarn lockfile v1


"@babel/runtime@^7.0.0":
  version "7.5.5"
  resolved "https://registry.yarnpkg.com/@babel/runtime/-/runtime-7.5.5.tgz#74fba56d35efbeca444091c7850ccd494fd2f132"
  integrity sha512-28QvEGyQyNkB0/m2B4FU7IEZGK2NUrcMtT6BZEFALTguLk+AUT6ofsHtPk5QyjAdUkpMJ+/Em+quwz4HOt30AQ==
  dependencies:
    regenerator-runtime "^0.13.2"

"@types/json-schema@^7.0.3":
  version "7.0.3"
  resolved "https://registry.yarnpkg.com/@types/json-schema/-/json-schema-7.0.3.tgz#bdfd69d61e464dcc81b25159c270d75a73c1a636"
  integrity sha512-Il2DtDVRGDcqjDtE+rF8iqg1CArehSK84HZJCT7AMITlyXRBpuPhqGLDQMowraqqu1coEaimg4ZOqggt6L6L+A==

invariant@^2.0.0:
  version "2.2.4"
  resolved "https://registry.yarnpkg.com/invariant/-/invariant-2.2.4.tgz#610f3c92c9359ce1db616e538008d23ff35158e6"
  integrity sha512-phJfQVBuaJM5raOpJjSfkiD6BpbCE4Ns//LaXl6wGYtUBY83nWS6Rf9tXm2e8VaK60JEjYldbPif/A2B1C2gNA==
  dependencies:
    loose-envify "^1.0.0"

"js-tokens@^3.0.0 || ^4.0.0":
  version "4.0.0"
  resolved "https://registry.yarnpkg.com/js-tokens/-/js-tokens-4.0.0.tgz#19203fb59991df98e3a287050d4647cdeaf32499"
  integrity sha512-RdJUflcE3cUzKiMqQgsCu06FPu9UdIJO0beYbPhHN4k6apgJtifcoCtT9bcxOpYBtpD2kCM6Sbzg4CausW/PKQ==

lodash.debounce@^4.0.8:
  version "4.0.8"
  resolved "https://registry.yarnpkg.com/lodash.debounce/-/lodash.debounce-4.0.8.tgz#82d79bff30a67c4005ffd5e2515300ad9ca4d7af"
  integrity sha1-gteb/zCmfEAF/9XiUVMArZyk168=

lodash@^4.0.0:
  version "4.17.15"
  resolved "https://registry.yarnpkg.com/lodash/-/lodash-4.17.15.tgz#b447f6670a0455bbfeedd11392eff330ea097548"
  integrity sha512-8xOcRHvCjnocdS5cpwXQXVzmmh5e5+saE2QGoeQmbKmRS6J3VQppPOIt0MnmE+4xlZoumy0GPG0D0MVIQbNA1A==

loose-envify@^1.0.0, loose-envify@^1.4.0:
  version "1.4.0"
  resolved "https://registry.yarnpkg.com/loose-envify/-/loose-envify-1.4.0.tgz#71ee51fa7be4caec1a63839f7e682d8132d30caf"
  integrity sha512-lyuxPGr/Wfhrlem2CL/UcnUc1zcqKAImBDzukY7Y5F/yQiNdko6+fRLevlw1HgMySw7f611UIY408EtxRSoK3Q==
  dependencies:
    js-tokens "^3.0.0 || ^4.0.0"

object-assign@^4.1.1:
  version "4.1.1"
  resolved "https://registry.yarnpkg.com/object-assign/-/object-assign-4.1.1.tgz#2109adc7965887cfc05cbbd442cac8bfbb360863"
  integrity sha1-IQmtx5ZYh8/AXLvUQsrIv7s2CGM=

prop-types@^15.5.7:
  version "15.7.2"
  resolved "https://registry.yarnpkg.com/prop-types/-/prop-types-15.7.2.tgz#52c41e75b8c87e72b9d9360e0206b99dcbffa6c5"
  integrity sha512-8QQikdH7//R2vurIJSutZ1smHYTcLpRWEOlHnzcWHmBYrOGUysKwSsrC89BCiFj3CbrfJ/nXFdJepOVrY1GCHQ==
  dependencies:
    loose-envify "^1.4.0"
    object-assign "^4.1.1"
    react-is "^16.8.1"

react-is@^16.8.1:
  version "16.9.0"
  resolved "https://registry.yarnpkg.com/react-is/-/react-is-16.9.0.tgz#21ca9561399aad0ff1a7701c01683e8ca981edcb"
  integrity sha512-tJBzzzIgnnRfEm046qRcURvwQnZVXmuCbscxUO5RWrGTXpon2d4c8mI0D8WE6ydVIm29JiLB6+RslkIvym9Rjw==

regenerator-runtime@^0.13.2:
  version "0.13.3"
  resolved "https://registry.yarnpkg.com/regenerator-runtime/-/regenerator-runtime-0.13.3.tgz#7cf6a77d8f5c6f60eb73c5fc1955b2ceb01e6bf5"
  integrity sha512-naKIZz2GQ8JWh///G7L3X6LaQUAMp2lvb1rvwwsURe/VXwD6VMfr+/1NuNw3ag8v2kY1aQ/go5SNn79O9JU7yw==

uniforms-bridge-json-schema@^2.3.1:
  version "2.3.1"
  resolved "https://registry.yarnpkg.com/uniforms-bridge-json-schema/-/uniforms-bridge-json-schema-2.3.1.tgz#a298abe16fb9a3dfd3946d7009a4ae8db3cc287b"
  integrity sha512-EBGXrQDG0xTSfWvAOnVsnKGV5FR/rn5HnWzLesbbCLMlJeYKJ6SA78m4ZkFLXGBn7cQEdzc+jo5R13pfVv7YlQ==
  dependencies:
    "@babel/runtime" "^7.0.0"
    invariant "^2.0.0"
    lodash "^4.0.0"
    uniforms "^2.3.1"

uniforms-material@^2.3.0:
  version "2.3.0"
  resolved "https://registry.yarnpkg.com/uniforms-material/-/uniforms-material-2.3.0.tgz#652ab683a82789b1dec0be806cc6cd3b7b9d7e79"
  integrity sha512-3sfMTjw3+VtpabLhvUfGpnpvhl+UbXknllc3tQiI0zfl/iHZa6aDo+MeUlqxtqyHGtSoh1HGSZHIYcq/UXx0Nw==
  dependencies:
    "@babel/runtime" "^7.0.0"
    invariant "^2.0.0"
    lodash "^4.0.0"
    prop-types "^15.5.7"
    uniforms "^2.3.0"

uniforms@^2.3.0:
  version "2.3.0"
  resolved "https://registry.yarnpkg.com/uniforms/-/uniforms-2.3.0.tgz#7ea824bf60ceb5d5c4fac1e35e8497a7a78115b3"
  integrity sha512-tN0pV+DekVH0dQxhX5xYKytPmFAKpYJLm6SFu2QW9STbfvphRd5XMwlw+PO6xeABj6nc38TXCaIq2DBtKcfl6Q==
  dependencies:
    "@babel/runtime" "^7.0.0"
    invariant "^2.0.0"
    lodash "^4.0.0"
    prop-types "^15.5.7"

uniforms@^2.3.1:
  version "2.3.1"
  resolved "https://registry.yarnpkg.com/uniforms/-/uniforms-2.3.1.tgz#77c63e5960603fe4049514c54ca8d65b4e4faa47"
  integrity sha512-yVTCRpsexlVsPl8vN4MtFISM10gRfM7ADoROuKkSt4ss3ucoVaO2MtlgPyf9UfocmCxBgrRKkZKNewURkB/Pqg==
  dependencies:
    "@babel/runtime" "^7.0.0"
    invariant "^2.0.0"
    lodash "^4.0.0"
    prop-types "^15.5.7"
